// !$*UTF8*$!
{
	archiveVersion = 1;
	classes = {
	};
	objectVersion = 50;
	objects = {

/* Begin PBXBuildFile section */
		8565717C26D222D800F5C53A /* LandmarksApp.swift in Sources */ = {isa = PBXBuildFile; fileRef = 8565717B26D222D800F5C53A /* LandmarksApp.swift */; };
		8565717E26D222D800F5C53A /* ContentView.swift in Sources */ = {isa = PBXBuildFile; fileRef = 8565717D26D222D800F5C53A /* ContentView.swift */; };
		8565718026D222DC00F5C53A /* Assets.xcassets in Resources */ = {isa = PBXBuildFile; fileRef = 8565717F26D222DC00F5C53A /* Assets.xcassets */; };
		8565718326D222DC00F5C53A /* Preview Assets.xcassets in Resources */ = {isa = PBXBuildFile; fileRef = 8565718226D222DC00F5C53A /* Preview Assets.xcassets */; };
		8565718E26D222DD00F5C53A /* LandmarksTests.swift in Sources */ = {isa = PBXBuildFile; fileRef = 8565718D26D222DD00F5C53A /* LandmarksTests.swift */; };
		8565719926D222DD00F5C53A /* LandmarksUITests.swift in Sources */ = {isa = PBXBuildFile; fileRef = 8565719826D222DD00F5C53A /* LandmarksUITests.swift */; };
		856571A926D2367300F5C53A /* CircleImage.swift in Sources */ = {isa = PBXBuildFile; fileRef = 856571A826D2367300F5C53A /* CircleImage.swift */; };
		856571AB26D2389800F5C53A /* MapView.swift in Sources */ = {isa = PBXBuildFile; fileRef = 856571AA26D2389800F5C53A /* MapView.swift */; };
		856571AD26D33F4D00F5C53A /* landmarkData.json in Resources */ = {isa = PBXBuildFile; fileRef = 856571AC26D33F4D00F5C53A /* landmarkData.json */; };
		856571AF26D3407100F5C53A /* Landmark.swift in Sources */ = {isa = PBXBuildFile; fileRef = 856571AE26D3407100F5C53A /* Landmark.swift */; };
		856571B126D3467C00F5C53A /* ModelData.swift in Sources */ = {isa = PBXBuildFile; fileRef = 856571B026D3467C00F5C53A /* ModelData.swift */; };
		856571B626D364EA00F5C53A /* LandmarkRow.swift in Sources */ = {isa = PBXBuildFile; fileRef = 856571B526D364EA00F5C53A /* LandmarkRow.swift */; };
		856571B826D367F200F5C53A /* LandmarkList.swift in Sources */ = {isa = PBXBuildFile; fileRef = 856571B726D367F200F5C53A /* LandmarkList.swift */; };
		856571BA26D369AA00F5C53A /* LandmarkDetail.swift in Sources */ = {isa = PBXBuildFile; fileRef = 856571B926D369AA00F5C53A /* LandmarkDetail.swift */; };
		856571BC26D3941E00F5C53A /* FavoriteButton.swift in Sources */ = {isa = PBXBuildFile; fileRef = 856571BB26D3941E00F5C53A /* FavoriteButton.swift */; };
		856571C026D4C34800F5C53A /* HexagonParameters.swift in Sources */ = {isa = PBXBuildFile; fileRef = 856571BF26D4C34800F5C53A /* HexagonParameters.swift */; };
		856571C226D4C60D00F5C53A /* BadgeBackground.swift in Sources */ = {isa = PBXBuildFile; fileRef = 856571C126D4C60D00F5C53A /* BadgeBackground.swift */; };
		856571C426D4D1A900F5C53A /* BadgeSymbol.swift in Sources */ = {isa = PBXBuildFile; fileRef = 856571C326D4D1A900F5C53A /* BadgeSymbol.swift */; };
		856571C626D4D6C600F5C53A /* RotatedBadgeSymbol.swift in Sources */ = {isa = PBXBuildFile; fileRef = 856571C526D4D6C600F5C53A /* RotatedBadgeSymbol.swift */; };
		856571C826D4D80500F5C53A /* Badge.swift in Sources */ = {isa = PBXBuildFile; fileRef = 856571C726D4D80500F5C53A /* Badge.swift */; };
		856571CB26D7203E00F5C53A /* hikeData.json in Resources */ = {isa = PBXBuildFile; fileRef = 856571CA26D7203E00F5C53A /* hikeData.json */; };
		856571CD26D7207600F5C53A /* Hike.swift in Sources */ = {isa = PBXBuildFile; fileRef = 856571CC26D7207600F5C53A /* Hike.swift */; };
		856571D326D723B400F5C53A /* GraphCapsule.swift in Sources */ = {isa = PBXBuildFile; fileRef = 856571CF26D723B400F5C53A /* GraphCapsule.swift */; };
		856571D426D723B400F5C53A /* HikeGraph.swift in Sources */ = {isa = PBXBuildFile; fileRef = 856571D026D723B400F5C53A /* HikeGraph.swift */; };
		856571D526D723B400F5C53A /* HikeDetail.swift in Sources */ = {isa = PBXBuildFile; fileRef = 856571D126D723B400F5C53A /* HikeDetail.swift */; };
		856571D626D723B400F5C53A /* HikeView.swift in Sources */ = {isa = PBXBuildFile; fileRef = 856571D226D723B400F5C53A /* HikeView.swift */; };
		856571D826D880A500F5C53A /* CategoryHome.swift in Sources */ = {isa = PBXBuildFile; fileRef = 856571D726D880A500F5C53A /* CategoryHome.swift */; };
		856571DA26D885E600F5C53A /* CategoryRow.swift in Sources */ = {isa = PBXBuildFile; fileRef = 856571D926D885E600F5C53A /* CategoryRow.swift */; };
		856571DC26D8880B00F5C53A /* CategoryItem.swift in Sources */ = {isa = PBXBuildFile; fileRef = 856571DB26D8880B00F5C53A /* CategoryItem.swift */; };
/* End PBXBuildFile section */

/* Begin PBXContainerItemProxy section */
		8565718A26D222DD00F5C53A /* PBXContainerItemProxy */ = {
			isa = PBXContainerItemProxy;
			containerPortal = 8565717026D222D800F5C53A /* Project object */;
			proxyType = 1;
			remoteGlobalIDString = 8565717726D222D800F5C53A;
			remoteInfo = Landmarks;
		};
		8565719526D222DD00F5C53A /* PBXContainerItemProxy */ = {
			isa = PBXContainerItemProxy;
			containerPortal = 8565717026D222D800F5C53A /* Project object */;
			proxyType = 1;
			remoteGlobalIDString = 8565717726D222D800F5C53A;
			remoteInfo = Landmarks;
		};
/* End PBXContainerItemProxy section */

/* Begin PBXFileReference section */
		8565717826D222D800F5C53A /* Landmarks.app */ = {isa = PBXFileReference; explicitFileType = wrapper.application; includeInIndex = 0; path = Landmarks.app; sourceTree = BUILT_PRODUCTS_DIR; };
		8565717B26D222D800F5C53A /* LandmarksApp.swift */ = {isa = PBXFileReference; lastKnownFileType = sourcecode.swift; path = LandmarksApp.swift; sourceTree = "<group>"; };
		8565717D26D222D800F5C53A /* ContentView.swift */ = {isa = PBXFileReference; lastKnownFileType = sourcecode.swift; path = ContentView.swift; sourceTree = "<group>"; };
		8565717F26D222DC00F5C53A /* Assets.xcassets */ = {isa = PBXFileReference; lastKnownFileType = folder.assetcatalog; path = Assets.xcassets; sourceTree = "<group>"; };
		8565718226D222DC00F5C53A /* Preview Assets.xcassets */ = {isa = PBXFileReference; lastKnownFileType = folder.assetcatalog; path = "Preview Assets.xcassets"; sourceTree = "<group>"; };
		8565718426D222DC00F5C53A /* Info.plist */ = {isa = PBXFileReference; lastKnownFileType = text.plist.xml; path = Info.plist; sourceTree = "<group>"; };
		8565718926D222DC00F5C53A /* LandmarksTests.xctest */ = {isa = PBXFileReference; explicitFileType = wrapper.cfbundle; includeInIndex = 0; path = LandmarksTests.xctest; sourceTree = BUILT_PRODUCTS_DIR; };
		8565718D26D222DD00F5C53A /* LandmarksTests.swift */ = {isa = PBXFileReference; lastKnownFileType = sourcecode.swift; path = LandmarksTests.swift; sourceTree = "<group>"; };
		8565718F26D222DD00F5C53A /* Info.plist */ = {isa = PBXFileReference; lastKnownFileType = text.plist.xml; path = Info.plist; sourceTree = "<group>"; };
		8565719426D222DD00F5C53A /* LandmarksUITests.xctest */ = {isa = PBXFileReference; explicitFileType = wrapper.cfbundle; includeInIndex = 0; path = LandmarksUITests.xctest; sourceTree = BUILT_PRODUCTS_DIR; };
		8565719826D222DD00F5C53A /* LandmarksUITests.swift */ = {isa = PBXFileReference; lastKnownFileType = sourcecode.swift; path = LandmarksUITests.swift; sourceTree = "<group>"; };
		8565719A26D222DD00F5C53A /* Info.plist */ = {isa = PBXFileReference; lastKnownFileType = text.plist.xml; path = Info.plist; sourceTree = "<group>"; };
		856571A826D2367300F5C53A /* CircleImage.swift */ = {isa = PBXFileReference; lastKnownFileType = sourcecode.swift; path = CircleImage.swift; sourceTree = "<group>"; };
		856571AA26D2389800F5C53A /* MapView.swift */ = {isa = PBXFileReference; lastKnownFileType = sourcecode.swift; path = MapView.swift; sourceTree = "<group>"; };
		856571AC26D33F4D00F5C53A /* landmarkData.json */ = {isa = PBXFileReference; fileEncoding = 4; lastKnownFileType = text.json; path = landmarkData.json; sourceTree = "<group>"; };
		856571AE26D3407100F5C53A /* Landmark.swift */ = {isa = PBXFileReference; lastKnownFileType = sourcecode.swift; path = Landmark.swift; sourceTree = "<group>"; };
		856571B026D3467C00F5C53A /* ModelData.swift */ = {isa = PBXFileReference; lastKnownFileType = sourcecode.swift; path = ModelData.swift; sourceTree = "<group>"; };
		856571B526D364EA00F5C53A /* LandmarkRow.swift */ = {isa = PBXFileReference; lastKnownFileType = sourcecode.swift; path = LandmarkRow.swift; sourceTree = "<group>"; };
		856571B726D367F200F5C53A /* LandmarkList.swift */ = {isa = PBXFileReference; lastKnownFileType = sourcecode.swift; path = LandmarkList.swift; sourceTree = "<group>"; };
		856571B926D369AA00F5C53A /* LandmarkDetail.swift */ = {isa = PBXFileReference; lastKnownFileType = sourcecode.swift; path = LandmarkDetail.swift; sourceTree = "<group>"; };
		856571BB26D3941E00F5C53A /* FavoriteButton.swift */ = {isa = PBXFileReference; lastKnownFileType = sourcecode.swift; path = FavoriteButton.swift; sourceTree = "<group>"; };
		856571BF26D4C34800F5C53A /* HexagonParameters.swift */ = {isa = PBXFileReference; lastKnownFileType = sourcecode.swift; path = HexagonParameters.swift; sourceTree = "<group>"; };
		856571C126D4C60D00F5C53A /* BadgeBackground.swift */ = {isa = PBXFileReference; lastKnownFileType = sourcecode.swift; path = BadgeBackground.swift; sourceTree = "<group>"; };
		856571C326D4D1A900F5C53A /* BadgeSymbol.swift */ = {isa = PBXFileReference; lastKnownFileType = sourcecode.swift; path = BadgeSymbol.swift; sourceTree = "<group>"; };
		856571C526D4D6C600F5C53A /* RotatedBadgeSymbol.swift */ = {isa = PBXFileReference; lastKnownFileType = sourcecode.swift; path = RotatedBadgeSymbol.swift; sourceTree = "<group>"; };
		856571C726D4D80500F5C53A /* Badge.swift */ = {isa = PBXFileReference; lastKnownFileType = sourcecode.swift; path = Badge.swift; sourceTree = "<group>"; };
		856571CA26D7203E00F5C53A /* hikeData.json */ = {isa = PBXFileReference; fileEncoding = 4; lastKnownFileType = text.json; name = hikeData.json; path = ../../../Resource/hikeData.json; sourceTree = "<group>"; };
		856571CC26D7207600F5C53A /* Hike.swift */ = {isa = PBXFileReference; lastKnownFileType = sourcecode.swift; path = Hike.swift; sourceTree = "<group>"; };
		856571CF26D723B400F5C53A /* GraphCapsule.swift */ = {isa = PBXFileReference; fileEncoding = 4; lastKnownFileType = sourcecode.swift; path = GraphCapsule.swift; sourceTree = "<group>"; };
		856571D026D723B400F5C53A /* HikeGraph.swift */ = {isa = PBXFileReference; fileEncoding = 4; lastKnownFileType = sourcecode.swift; path = HikeGraph.swift; sourceTree = "<group>"; };
		856571D126D723B400F5C53A /* HikeDetail.swift */ = {isa = PBXFileReference; fileEncoding = 4; lastKnownFileType = sourcecode.swift; path = HikeDetail.swift; sourceTree = "<group>"; };
		856571D226D723B400F5C53A /* HikeView.swift */ = {isa = PBXFileReference; fileEncoding = 4; lastKnownFileType = sourcecode.swift; path = HikeView.swift; sourceTree = "<group>"; };
		856571D726D880A500F5C53A /* CategoryHome.swift */ = {isa = PBXFileReference; lastKnownFileType = sourcecode.swift; path = CategoryHome.swift; sourceTree = "<group>"; };
		856571D926D885E600F5C53A /* CategoryRow.swift */ = {isa = PBXFileReference; lastKnownFileType = sourcecode.swift; path = CategoryRow.swift; sourceTree = "<group>"; };
		856571DB26D8880B00F5C53A /* CategoryItem.swift */ = {isa = PBXFileReference; lastKnownFileType = sourcecode.swift; path = CategoryItem.swift; sourceTree = "<group>"; };
/* End PBXFileReference section */

/* Begin PBXFrameworksBuildPhase section */
		8565717526D222D800F5C53A /* Frameworks */ = {
			isa = PBXFrameworksBuildPhase;
			buildActionMask = 2147483647;
			files = (
			);
			runOnlyForDeploymentPostprocessing = 0;
		};
		8565718626D222DC00F5C53A /* Frameworks */ = {
			isa = PBXFrameworksBuildPhase;
			buildActionMask = 2147483647;
			files = (
			);
			runOnlyForDeploymentPostprocessing = 0;
		};
		8565719126D222DD00F5C53A /* Frameworks */ = {
			isa = PBXFrameworksBuildPhase;
			buildActionMask = 2147483647;
			files = (
			);
			runOnlyForDeploymentPostprocessing = 0;
		};
/* End PBXFrameworksBuildPhase section */

/* Begin PBXGroup section */
		8565716F26D222D800F5C53A = {
			isa = PBXGroup;
			children = (
				8565717A26D222D800F5C53A /* Landmarks */,
				8565718C26D222DD00F5C53A /* LandmarksTests */,
				8565719726D222DD00F5C53A /* LandmarksUITests */,
				8565717926D222D800F5C53A /* Products */,
			);
			sourceTree = "<group>";
		};
		8565717926D222D800F5C53A /* Products */ = {
			isa = PBXGroup;
			children = (
				8565717826D222D800F5C53A /* Landmarks.app */,
				8565718926D222DC00F5C53A /* LandmarksTests.xctest */,
				8565719426D222DD00F5C53A /* LandmarksUITests.xctest */,
			);
			name = Products;
			sourceTree = "<group>";
		};
		8565717A26D222D800F5C53A /* Landmarks */ = {
			isa = PBXGroup;
			children = (
				856571B426D3644B00F5C53A /* Resources */,
				856571B326D3642900F5C53A /* Models */,
				856571B226D3641000F5C53A /* Views */,
				8565717B26D222D800F5C53A /* LandmarksApp.swift */,
				8565717F26D222DC00F5C53A /* Assets.xcassets */,
				8565718426D222DC00F5C53A /* Info.plist */,
				8565718126D222DC00F5C53A /* Preview Content */,
			);
			path = Landmarks;
			sourceTree = "<group>";
		};
		8565718126D222DC00F5C53A /* Preview Content */ = {
			isa = PBXGroup;
			children = (
				8565718226D222DC00F5C53A /* Preview Assets.xcassets */,
			);
			path = "Preview Content";
			sourceTree = "<group>";
		};
		8565718C26D222DD00F5C53A /* LandmarksTests */ = {
			isa = PBXGroup;
			children = (
				8565718D26D222DD00F5C53A /* LandmarksTests.swift */,
				8565718F26D222DD00F5C53A /* Info.plist */,
			);
			path = LandmarksTests;
			sourceTree = "<group>";
		};
		8565719726D222DD00F5C53A /* LandmarksUITests */ = {
			isa = PBXGroup;
			children = (
				8565719826D222DD00F5C53A /* LandmarksUITests.swift */,
				8565719A26D222DD00F5C53A /* Info.plist */,
			);
			path = LandmarksUITests;
			sourceTree = "<group>";
		};
		856571B226D3641000F5C53A /* Views */ = {
			isa = PBXGroup;
			children = (
				856571CE26D723B400F5C53A /* Hikes */,
				856571C926D4DAB900F5C53A /* Badges */,
				856571BE26D394FE00F5C53A /* Helpers */,
				856571BD26D394F400F5C53A /* Landmarks */,
				8565717D26D222D800F5C53A /* ContentView.swift */,
				856571D726D880A500F5C53A /* CategoryHome.swift */,
				856571D926D885E600F5C53A /* CategoryRow.swift */,
				856571DB26D8880B00F5C53A /* CategoryItem.swift */,
			);
			path = Views;
			sourceTree = "<group>";
		};
		856571B326D3642900F5C53A /* Models */ = {
			isa = PBXGroup;
			children = (
				856571AE26D3407100F5C53A /* Landmark.swift */,
				856571B026D3467C00F5C53A /* ModelData.swift */,
				856571CC26D7207600F5C53A /* Hike.swift */,
			);
			path = Models;
			sourceTree = "<group>";
		};
		856571B426D3644B00F5C53A /* Resources */ = {
			isa = PBXGroup;
			children = (
				856571AC26D33F4D00F5C53A /* landmarkData.json */,
				856571CA26D7203E00F5C53A /* hikeData.json */,
			);
			path = Resources;
			sourceTree = "<group>";
		};
		856571BD26D394F400F5C53A /* Landmarks */ = {
			isa = PBXGroup;
			children = (
				856571B526D364EA00F5C53A /* LandmarkRow.swift */,
				856571B726D367F200F5C53A /* LandmarkList.swift */,
				856571B926D369AA00F5C53A /* LandmarkDetail.swift */,
			);
			path = Landmarks;
			sourceTree = "<group>";
		};
		856571BE26D394FE00F5C53A /* Helpers */ = {
			isa = PBXGroup;
			children = (
				856571BB26D3941E00F5C53A /* FavoriteButton.swift */,
				856571A826D2367300F5C53A /* CircleImage.swift */,
				856571AA26D2389800F5C53A /* MapView.swift */,
			);
			path = Helpers;
			sourceTree = "<group>";
		};
		856571C926D4DAB900F5C53A /* Badges */ = {
			isa = PBXGroup;
			children = (
				856571BF26D4C34800F5C53A /* HexagonParameters.swift */,
				856571C126D4C60D00F5C53A /* BadgeBackground.swift */,
				856571C326D4D1A900F5C53A /* BadgeSymbol.swift */,
				856571C526D4D6C600F5C53A /* RotatedBadgeSymbol.swift */,
				856571C726D4D80500F5C53A /* Badge.swift */,
			);
			path = Badges;
			sourceTree = "<group>";
		};
		856571CE26D723B400F5C53A /* Hikes */ = {
			isa = PBXGroup;
			children = (
				856571CF26D723B400F5C53A /* GraphCapsule.swift */,
				856571D026D723B400F5C53A /* HikeGraph.swift */,
				856571D126D723B400F5C53A /* HikeDetail.swift */,
				856571D226D723B400F5C53A /* HikeView.swift */,
			);
			path = Hikes;
			sourceTree = "<group>";
		};
/* End PBXGroup section */

/* Begin PBXNativeTarget section */
		8565717726D222D800F5C53A /* Landmarks */ = {
			isa = PBXNativeTarget;
			buildConfigurationList = 8565719D26D222DD00F5C53A /* Build configuration list for PBXNativeTarget "Landmarks" */;
			buildPhases = (
				8565717426D222D800F5C53A /* Sources */,
				8565717526D222D800F5C53A /* Frameworks */,
				8565717626D222D800F5C53A /* Resources */,
			);
			buildRules = (
			);
			dependencies = (
			);
			name = Landmarks;
			productName = Landmarks;
			productReference = 8565717826D222D800F5C53A /* Landmarks.app */;
			productType = "com.apple.product-type.application";
		};
		8565718826D222DC00F5C53A /* LandmarksTests */ = {
			isa = PBXNativeTarget;
			buildConfigurationList = 856571A026D222DD00F5C53A /* Build configuration list for PBXNativeTarget "LandmarksTests" */;
			buildPhases = (
				8565718526D222DC00F5C53A /* Sources */,
				8565718626D222DC00F5C53A /* Frameworks */,
				8565718726D222DC00F5C53A /* Resources */,
			);
			buildRules = (
			);
			dependencies = (
				8565718B26D222DD00F5C53A /* PBXTargetDependency */,
			);
			name = LandmarksTests;
			productName = LandmarksTests;
			productReference = 8565718926D222DC00F5C53A /* LandmarksTests.xctest */;
			productType = "com.apple.product-type.bundle.unit-test";
		};
		8565719326D222DD00F5C53A /* LandmarksUITests */ = {
			isa = PBXNativeTarget;
			buildConfigurationList = 856571A326D222DD00F5C53A /* Build configuration list for PBXNativeTarget "LandmarksUITests" */;
			buildPhases = (
				8565719026D222DD00F5C53A /* Sources */,
				8565719126D222DD00F5C53A /* Frameworks */,
				8565719226D222DD00F5C53A /* Resources */,
			);
			buildRules = (
			);
			dependencies = (
				8565719626D222DD00F5C53A /* PBXTargetDependency */,
			);
			name = LandmarksUITests;
			productName = LandmarksUITests;
			productReference = 8565719426D222DD00F5C53A /* LandmarksUITests.xctest */;
			productType = "com.apple.product-type.bundle.ui-testing";
		};
/* End PBXNativeTarget section */

/* Begin PBXProject section */
		8565717026D222D800F5C53A /* Project object */ = {
			isa = PBXProject;
			attributes = {
				LastSwiftUpdateCheck = 1250;
				LastUpgradeCheck = 1250;
				TargetAttributes = {
					8565717726D222D800F5C53A = {
						CreatedOnToolsVersion = 12.5.1;
					};
					8565718826D222DC00F5C53A = {
						CreatedOnToolsVersion = 12.5.1;
						TestTargetID = 8565717726D222D800F5C53A;
					};
					8565719326D222DD00F5C53A = {
						CreatedOnToolsVersion = 12.5.1;
						TestTargetID = 8565717726D222D800F5C53A;
					};
				};
			};
			buildConfigurationList = 8565717326D222D800F5C53A /* Build configuration list for PBXProject "Landmarks" */;
			compatibilityVersion = "Xcode 9.3";
			developmentRegion = en;
			hasScannedForEncodings = 0;
			knownRegions = (
				en,
				Base,
			);
			mainGroup = 8565716F26D222D800F5C53A;
			productRefGroup = 8565717926D222D800F5C53A /* Products */;
			projectDirPath = "";
			projectRoot = "";
			targets = (
				8565717726D222D800F5C53A /* Landmarks */,
				8565718826D222DC00F5C53A /* LandmarksTests */,
				8565719326D222DD00F5C53A /* LandmarksUITests */,
			);
		};
/* End PBXProject section */

/* Begin PBXResourcesBuildPhase section */
		8565717626D222D800F5C53A /* Resources */ = {
			isa = PBXResourcesBuildPhase;
			buildActionMask = 2147483647;
			files = (
				856571CB26D7203E00F5C53A /* hikeData.json in Resources */,
				8565718326D222DC00F5C53A /* Preview Assets.xcassets in Resources */,
				8565718026D222DC00F5C53A /* Assets.xcassets in Resources */,
				856571AD26D33F4D00F5C53A /* landmarkData.json in Resources */,
			);
			runOnlyForDeploymentPostprocessing = 0;
		};
		8565718726D222DC00F5C53A /* Resources */ = {
			isa = PBXResourcesBuildPhase;
			buildActionMask = 2147483647;
			files = (
			);
			runOnlyForDeploymentPostprocessing = 0;
		};
		8565719226D222DD00F5C53A /* Resources */ = {
			isa = PBXResourcesBuildPhase;
			buildActionMask = 2147483647;
			files = (
			);
			runOnlyForDeploymentPostprocessing = 0;
		};
/* End PBXResourcesBuildPhase section */

/* Begin PBXSourcesBuildPhase section */
		8565717426D222D800F5C53A /* Sources */ = {
			isa = PBXSourcesBuildPhase;
			buildActionMask = 2147483647;
			files = (
				856571DA26D885E600F5C53A /* CategoryRow.swift in Sources */,
				8565717E26D222D800F5C53A /* ContentView.swift in Sources */,
				856571D826D880A500F5C53A /* CategoryHome.swift in Sources */,
				856571D426D723B400F5C53A /* HikeGraph.swift in Sources */,
				856571C826D4D80500F5C53A /* Badge.swift in Sources */,
				856571AB26D2389800F5C53A /* MapView.swift in Sources */,
				856571D326D723B400F5C53A /* GraphCapsule.swift in Sources */,
				8565717C26D222D800F5C53A /* LandmarksApp.swift in Sources */,
				856571BC26D3941E00F5C53A /* FavoriteButton.swift in Sources */,
				856571DC26D8880B00F5C53A /* CategoryItem.swift in Sources */,
				856571D526D723B400F5C53A /* HikeDetail.swift in Sources */,
				856571C026D4C34800F5C53A /* HexagonParameters.swift in Sources */,
				856571CD26D7207600F5C53A /* Hike.swift in Sources */,
				856571C626D4D6C600F5C53A /* RotatedBadgeSymbol.swift in Sources */,
				856571C426D4D1A900F5C53A /* BadgeSymbol.swift in Sources */,
				856571B826D367F200F5C53A /* LandmarkList.swift in Sources */,
				856571D626D723B400F5C53A /* HikeView.swift in Sources */,
				856571BA26D369AA00F5C53A /* LandmarkDetail.swift in Sources */,
				856571C226D4C60D00F5C53A /* BadgeBackground.swift in Sources */,
				856571A926D2367300F5C53A /* CircleImage.swift in Sources */,
				856571AF26D3407100F5C53A /* Landmark.swift in Sources */,
				856571B626D364EA00F5C53A /* LandmarkRow.swift in Sources */,
				856571B126D3467C00F5C53A /* ModelData.swift in Sources */,
			);
			runOnlyForDeploymentPostprocessing = 0;
		};
		8565718526D222DC00F5C53A /* Sources */ = {
			isa = PBXSourcesBuildPhase;
			buildActionMask = 2147483647;
			files = (
				8565718E26D222DD00F5C53A /* LandmarksTests.swift in Sources */,
			);
			runOnlyForDeploymentPostprocessing = 0;
		};
		8565719026D222DD00F5C53A /* Sources */ = {
			isa = PBXSourcesBuildPhase;
			buildActionMask = 2147483647;
			files = (
				8565719926D222DD00F5C53A /* LandmarksUITests.swift in Sources */,
			);
			runOnlyForDeploymentPostprocessing = 0;
		};
/* End PBXSourcesBuildPhase section */

/* Begin PBXTargetDependency section */
		8565718B26D222DD00F5C53A /* PBXTargetDependency */ = {
			isa = PBXTargetDependency;
			target = 8565717726D222D800F5C53A /* Landmarks */;
			targetProxy = 8565718A26D222DD00F5C53A /* PBXContainerItemProxy */;
		};
		8565719626D222DD00F5C53A /* PBXTargetDependency */ = {
			isa = PBXTargetDependency;
			target = 8565717726D222D800F5C53A /* Landmarks */;
			targetProxy = 8565719526D222DD00F5C53A /* PBXContainerItemProxy */;
		};
/* End PBXTargetDependency section */

/* Begin XCBuildConfiguration section */
		8565719B26D222DD00F5C53A /* Debug */ = {
			isa = XCBuildConfiguration;
			buildSettings = {
				ALWAYS_SEARCH_USER_PATHS = NO;
				CLANG_ANALYZER_NONNULL = YES;
				CLANG_ANALYZER_NUMBER_OBJECT_CONVERSION = YES_AGGRESSIVE;
				CLANG_CXX_LANGUAGE_STANDARD = "gnu++14";
				CLANG_CXX_LIBRARY = "libc++";
				CLANG_ENABLE_MODULES = YES;
				CLANG_ENABLE_OBJC_ARC = YES;
				CLANG_ENABLE_OBJC_WEAK = YES;
				CLANG_WARN_BLOCK_CAPTURE_AUTORELEASING = YES;
				CLANG_WARN_BOOL_CONVERSION = YES;
				CLANG_WARN_COMMA = YES;
				CLANG_WARN_CONSTANT_CONVERSION = YES;
				CLANG_WARN_DEPRECATED_OBJC_IMPLEMENTATIONS = YES;
				CLANG_WARN_DIRECT_OBJC_ISA_USAGE = YES_ERROR;
				CLANG_WARN_DOCUMENTATION_COMMENTS = YES;
				CLANG_WARN_EMPTY_BODY = YES;
				CLANG_WARN_ENUM_CONVERSION = YES;
				CLANG_WARN_INFINITE_RECURSION = YES;
				CLANG_WARN_INT_CONVERSION = YES;
				CLANG_WARN_NON_LITERAL_NULL_CONVERSION = YES;
				CLANG_WARN_OBJC_IMPLICIT_RETAIN_SELF = YES;
				CLANG_WARN_OBJC_LITERAL_CONVERSION = YES;
				CLANG_WARN_OBJC_ROOT_CLASS = YES_ERROR;
				CLANG_WARN_QUOTED_INCLUDE_IN_FRAMEWORK_HEADER = YES;
				CLANG_WARN_RANGE_LOOP_ANALYSIS = YES;
				CLANG_WARN_STRICT_PROTOTYPES = YES;
				CLANG_WARN_SUSPICIOUS_MOVE = YES;
				CLANG_WARN_UNGUARDED_AVAILABILITY = YES_AGGRESSIVE;
				CLANG_WARN_UNREACHABLE_CODE = YES;
				CLANG_WARN__DUPLICATE_METHOD_MATCH = YES;
				COPY_PHASE_STRIP = NO;
				DEBUG_INFORMATION_FORMAT = dwarf;
				ENABLE_STRICT_OBJC_MSGSEND = YES;
				ENABLE_TESTABILITY = YES;
				GCC_C_LANGUAGE_STANDARD = gnu11;
				GCC_DYNAMIC_NO_PIC = NO;
				GCC_NO_COMMON_BLOCKS = YES;
				GCC_OPTIMIZATION_LEVEL = 0;
				GCC_PREPROCESSOR_DEFINITIONS = (
					"DEBUG=1",
					"$(inherited)",
				);
				GCC_WARN_64_TO_32_BIT_CONVERSION = YES;
				GCC_WARN_ABOUT_RETURN_TYPE = YES_ERROR;
				GCC_WARN_UNDECLARED_SELECTOR = YES;
				GCC_WARN_UNINITIALIZED_AUTOS = YES_AGGRESSIVE;
				GCC_WARN_UNUSED_FUNCTION = YES;
				GCC_WARN_UNUSED_VARIABLE = YES;
				IPHONEOS_DEPLOYMENT_TARGET = 14.5;
				MTL_ENABLE_DEBUG_INFO = INCLUDE_SOURCE;
				MTL_FAST_MATH = YES;
				ONLY_ACTIVE_ARCH = YES;
				SDKROOT = iphoneos;
				SWIFT_ACTIVE_COMPILATION_CONDITIONS = DEBUG;
				SWIFT_OPTIMIZATION_LEVEL = "-Onone";
			};
			name = Debug;
		};
		8565719C26D222DD00F5C53A /* Release */ = {
			isa = XCBuildConfiguration;
			buildSettings = {
				ALWAYS_SEARCH_USER_PATHS = NO;
				CLANG_ANALYZER_NONNULL = YES;
				CLANG_ANALYZER_NUMBER_OBJECT_CONVERSION = YES_AGGRESSIVE;
				CLANG_CXX_LANGUAGE_STANDARD = "gnu++14";
				CLANG_CXX_LIBRARY = "libc++";
				CLANG_ENABLE_MODULES = YES;
				CLANG_ENABLE_OBJC_ARC = YES;
				CLANG_ENABLE_OBJC_WEAK = YES;
				CLANG_WARN_BLOCK_CAPTURE_AUTORELEASING = YES;
				CLANG_WARN_BOOL_CONVERSION = YES;
				CLANG_WARN_COMMA = YES;
				CLANG_WARN_CONSTANT_CONVERSION = YES;
				CLANG_WARN_DEPRECATED_OBJC_IMPLEMENTATIONS = YES;
				CLANG_WARN_DIRECT_OBJC_ISA_USAGE = YES_ERROR;
				CLANG_WARN_DOCUMENTATION_COMMENTS = YES;
				CLANG_WARN_EMPTY_BODY = YES;
				CLANG_WARN_ENUM_CONVERSION = YES;
				CLANG_WARN_INFINITE_RECURSION = YES;
				CLANG_WARN_INT_CONVERSION = YES;
				CLANG_WARN_NON_LITERAL_NULL_CONVERSION = YES;
				CLANG_WARN_OBJC_IMPLICIT_RETAIN_SELF = YES;
				CLANG_WARN_OBJC_LITERAL_CONVERSION = YES;
				CLANG_WARN_OBJC_ROOT_CLASS = YES_ERROR;
				CLANG_WARN_QUOTED_INCLUDE_IN_FRAMEWORK_HEADER = YES;
				CLANG_WARN_RANGE_LOOP_ANALYSIS = YES;
				CLANG_WARN_STRICT_PROTOTYPES = YES;
				CLANG_WARN_SUSPICIOUS_MOVE = YES;
				CLANG_WARN_UNGUARDED_AVAILABILITY = YES_AGGRESSIVE;
				CLANG_WARN_UNREACHABLE_CODE = YES;
				CLANG_WARN__DUPLICATE_METHOD_MATCH = YES;
				COPY_PHASE_STRIP = NO;
				DEBUG_INFORMATION_FORMAT = "dwarf-with-dsym";
				ENABLE_NS_ASSERTIONS = NO;
				ENABLE_STRICT_OBJC_MSGSEND = YES;
				GCC_C_LANGUAGE_STANDARD = gnu11;
				GCC_NO_COMMON_BLOCKS = YES;
				GCC_WARN_64_TO_32_BIT_CONVERSION = YES;
				GCC_WARN_ABOUT_RETURN_TYPE = YES_ERROR;
				GCC_WARN_UNDECLARED_SELECTOR = YES;
				GCC_WARN_UNINITIALIZED_AUTOS = YES_AGGRESSIVE;
				GCC_WARN_UNUSED_FUNCTION = YES;
				GCC_WARN_UNUSED_VARIABLE = YES;
				IPHONEOS_DEPLOYMENT_TARGET = 14.5;
				MTL_ENABLE_DEBUG_INFO = NO;
				MTL_FAST_MATH = YES;
				SDKROOT = iphoneos;
				SWIFT_COMPILATION_MODE = wholemodule;
				SWIFT_OPTIMIZATION_LEVEL = "-O";
				VALIDATE_PRODUCT = YES;
			};
			name = Release;
		};
		8565719E26D222DD00F5C53A /* Debug */ = {
			isa = XCBuildConfiguration;
			buildSettings = {
				ASSETCATALOG_COMPILER_APPICON_NAME = AppIcon;
				ASSETCATALOG_COMPILER_GLOBAL_ACCENT_COLOR_NAME = AccentColor;
				CODE_SIGN_STYLE = Automatic;
				DEVELOPMENT_ASSET_PATHS = "\"Landmarks/Preview Content\"";
				ENABLE_PREVIEWS = YES;
				INFOPLIST_FILE = Landmarks/Info.plist;
				IPHONEOS_DEPLOYMENT_TARGET = 14.0;
				LD_RUNPATH_SEARCH_PATHS = (
					"$(inherited)",
					"@executable_path/Frameworks",
				);
				PRODUCT_BUNDLE_IDENTIFIER = com.Tomo.Landmarks;
				PRODUCT_NAME = "$(TARGET_NAME)";
				SWIFT_VERSION = 5.0;
				TARGETED_DEVICE_FAMILY = "1,2";
			};
			name = Debug;
		};
		8565719F26D222DD00F5C53A /* Release */ = {
			isa = XCBuildConfiguration;
			buildSettings = {
				ASSETCATALOG_COMPILER_APPICON_NAME = AppIcon;
				ASSETCATALOG_COMPILER_GLOBAL_ACCENT_COLOR_NAME = AccentColor;
				CODE_SIGN_STYLE = Automatic;
				DEVELOPMENT_ASSET_PATHS = "\"Landmarks/Preview Content\"";
				ENABLE_PREVIEWS = YES;
				INFOPLIST_FILE = Landmarks/Info.plist;
				IPHONEOS_DEPLOYMENT_TARGET = 14.0;
				LD_RUNPATH_SEARCH_PATHS = (
					"$(inherited)",
					"@executable_path/Frameworks",
				);
				PRODUCT_BUNDLE_IDENTIFIER = com.Tomo.Landmarks;
				PRODUCT_NAME = "$(TARGET_NAME)";
				SWIFT_VERSION = 5.0;
				TARGETED_DEVICE_FAMILY = "1,2";
			};
			name = Release;
		};
		856571A126D222DD00F5C53A /* Debug */ = {
			isa = XCBuildConfiguration;
			buildSettings = {
				ALWAYS_EMBED_SWIFT_STANDARD_LIBRARIES = YES;
				BUNDLE_LOADER = "$(TEST_HOST)";
				CODE_SIGN_STYLE = Automatic;
				INFOPLIST_FILE = LandmarksTests/Info.plist;
				IPHONEOS_DEPLOYMENT_TARGET = 14.0;
				LD_RUNPATH_SEARCH_PATHS = (
					"$(inherited)",
					"@executable_path/Frameworks",
					"@loader_path/Frameworks",
				);
				PRODUCT_BUNDLE_IDENTIFIER = com.Tomo.LandmarksTests;
				PRODUCT_NAME = "$(TARGET_NAME)";
				SWIFT_VERSION = 5.0;
				TARGETED_DEVICE_FAMILY = "1,2";
				TEST_HOST = "$(BUILT_PRODUCTS_DIR)/Landmarks.app/Landmarks";
			};
			name = Debug;
		};
		856571A226D222DD00F5C53A /* Release */ = {
			isa = XCBuildConfiguration;
			buildSettings = {
				ALWAYS_EMBED_SWIFT_STANDARD_LIBRARIES = YES;
				BUNDLE_LOADER = "$(TEST_HOST)";
				CODE_SIGN_STYLE = Automatic;
				INFOPLIST_FILE = LandmarksTests/Info.plist;
				IPHONEOS_DEPLOYMENT_TARGET = 14.0;
				LD_RUNPATH_SEARCH_PATHS = (
					"$(inherited)",
					"@executable_path/Frameworks",
					"@loader_path/Frameworks",
				);
				PRODUCT_BUNDLE_IDENTIFIER = com.Tomo.LandmarksTests;
				PRODUCT_NAME = "$(TARGET_NAME)";
				SWIFT_VERSION = 5.0;
				TARGETED_DEVICE_FAMILY = "1,2";
				TEST_HOST = "$(BUILT_PRODUCTS_DIR)/Landmarks.app/Landmarks";
			};
			name = Release;
		};
		856571A426D222DD00F5C53A /* Debug */ = {
			isa = XCBuildConfiguration;
			buildSettings = {
				ALWAYS_EMBED_SWIFT_STANDARD_LIBRARIES = YES;
				CODE_SIGN_STYLE = Automatic;
				INFOPLIST_FILE = LandmarksUITests/Info.plist;
				LD_RUNPATH_SEARCH_PATHS = (
					"$(inherited)",
					"@executable_path/Frameworks",
					"@loader_path/Frameworks",
				);
				PRODUCT_BUNDLE_IDENTIFIER = com.Tomo.LandmarksUITests;
				PRODUCT_NAME = "$(TARGET_NAME)";
				SWIFT_VERSION = 5.0;
				TARGETED_DEVICE_FAMILY = "1,2";
				TEST_TARGET_NAME = Landmarks;
			};
			name = Debug;
		};
		856571A526D222DD00F5C53A /* Release */ = {
			isa = XCBuildConfiguration;
			buildSettings = {
				ALWAYS_EMBED_SWIFT_STANDARD_LIBRARIES = YES;
				CODE_SIGN_STYLE = Automatic;
				INFOPLIST_FILE = LandmarksUITests/Info.plist;
				LD_RUNPATH_SEARCH_PATHS = (
					"$(inherited)",
					"@executable_path/Frameworks",
					"@loader_path/Frameworks",
				);
				PRODUCT_BUNDLE_IDENTIFIER = com.Tomo.LandmarksUITests;
				PRODUCT_NAME = "$(TARGET_NAME)";
				SWIFT_VERSION = 5.0;
				TARGETED_DEVICE_FAMILY = "1,2";
				TEST_TARGET_NAME = Landmarks;
			};
			name = Release;
		};
/* End XCBuildConfiguration section */

/* Begin XCConfigurationList section */
		8565717326D222D800F5C53A /* Build configuration list for PBXProject "Landmarks" */ = {
			isa = XCConfigurationList;
			buildConfigurations = (
				8565719B26D222DD00F5C53A /* Debug */,
				8565719C26D222DD00F5C53A /* Release */,
			);
			defaultConfigurationIsVisible = 0;
			defaultConfigurationName = Release;
		};
		8565719D26D222DD00F5C53A /* Build configuration list for PBXNativeTarget "Landmarks" */ = {
			isa = XCConfigurationList;
			buildConfigurations = (
				8565719E26D222DD00F5C53A /* Debug */,
				8565719F26D222DD00F5C53A /* Release */,
			);
			defaultConfigurationIsVisible = 0;
			defaultConfigurationName = Release;
		};
		856571A026D222DD00F5C53A /* Build configuration list for PBXNativeTarget "LandmarksTests" */ = {
			isa = XCConfigurationList;
			buildConfigurations = (
				856571A126D222DD00F5C53A /* Debug */,
				856571A226D222DD00F5C53A /* Release */,
			);
			defaultConfigurationIsVisible = 0;
			defaultConfigurationName = Release;
		};
		856571A326D222DD00F5C53A /* Build configuration list for PBXNativeTarget "LandmarksUITests" */ = {
			isa = XCConfigurationList;
			buildConfigurations = (
				856571A426D222DD00F5C53A /* Debug */,
				856571A526D222DD00F5C53A /* Release */,
			);
			defaultConfigurationIsVisible = 0;
			defaultConfigurationName = Release;
		};
/* End XCConfigurationList section */
	};
	rootObject = 8565717026D222D800F5C53A /* Project object */;
}
