// !$*UTF8*$!
{
	archiveVersion = 1;
	classes = {
	};
	objectVersion = 50;
	objects = {

/* Begin PBXBuildFile section */
		8565717C26D222D800F5C53A /* LandmarksApp.swift in Sources */ = {isa = PBXBuildFile; fileRef = 8565717B26D222D800F5C53A /* LandmarksApp.swift */; };
		8565717E26D222D800F5C53A /* ContentView.swift in Sources */ = {isa = PBXBuildFile; fileRef = 8565717D26D222D800F5C53A /* ContentView.swift */; };
		8565718026D222DC00F5C53A /* Assets.xcassets in Resources */ = {isa = PBXBuildFile; fileRef = 8565717F26D222DC00F5C53A /* Assets.xcassets */; };
		8565718326D222DC00F5C53A /* Preview Assets.xcassets in Resources */ = {isa = PBXBuildFile; fileRef = 8565718226D222DC00F5C53A /* Preview Assets.xcassets */; };
		8565718E26D222DD00F5C53A /* LandmarksTests.swift in Sources */ = {isa = PBXBuildFile; fileRef = 8565718D26D222DD00F5C53A /* LandmarksTests.swift */; };
		8565719926D222DD00F5C53A /* LandmarksUITests.swift in Sources */ = {isa = PBXBuildFile; fileRef = 8565719826D222DD00F5C53A /* LandmarksUITests.swift */; };
		856571A926D2367300F5C53A /* CircleImage.swift in Sources */ = {isa = PBXBuildFile; fileRef = 856571A826D2367300F5C53A /* CircleImage.swift */; };
		856571AB26D2389800F5C53A /* MapView.swift in Sources */ = {isa = PBXBuildFile; fileRef = 856571AA26D2389800F5C53A /* MapView.swift */; };
		856571AD26D33F4D00F5C53A /* landmarkData.json in Resources */ = {isa = PBXBuildFile; fileRef = 856571AC26D33F4D00F5C53A /* landmarkData.json */; };
		856571AF26D3407100F5C53A /* Landmark.swift in Sources */ = {isa = PBXBuildFile; fileRef = 856571AE26D3407100F5C53A /* Landmark.swift */; };
		856571B126D3467C00F5C53A /* ModelData.swift in Sources */ = {isa = PBXBuildFile; fileRef = 856571B026D3467C00F5C53A /* ModelData.swift */; };
		856571B626D364EA00F5C53A /* LandmarkRow.swift in Sources */ = {isa = PBXBuildFile; fileRef = 856571B526D364EA00F5C53A /* LandmarkRow.swift */; };
		856571B826D367F200F5C53A /* LandmarkList.swift in Sources */ = {isa = PBXBuildFile; fileRef = 856571B726D367F200F5C53A /* LandmarkList.swift */; };
		856571BA26D369AA00F5C53A /* LandmarkDetail.swift in Sources */ = {isa = PBXBuildFile; fileRef = 856571B926D369AA00F5C53A /* LandmarkDetail.swift */; };
		856571BC26D3941E00F5C53A /* FavoriteButton.swift in Sources */ = {isa = PBXBuildFile; fileRef = 856571BB26D3941E00F5C53A /* FavoriteButton.swift */; };
		856571C026D4C34800F5C53A /* HexagonParameters.swift in Sources */ = {isa = PBXBuildFile; fileRef = 856571BF26D4C34800F5C53A /* HexagonParameters.swift */; };
		856571C226D4C60D00F5C53A /* BadgeBackground.swift in Sources */ = {isa = PBXBuildFile; fileRef = 856571C126D4C60D00F5C53A /* BadgeBackground.swift */; };
		856571C426D4D1A900F5C53A /* BadgeSymbol.swift in Sources */ = {isa = PBXBuildFile; fileRef = 856571C326D4D1A900F5C53A /* BadgeSymbol.swift */; };
		856571C626D4D6C600F5C53A /* RotatedBadgeSymbol.swift in Sources */ = {isa = PBXBuildFile; fileRef = 856571C526D4D6C600F5C53A /* RotatedBadgeSymbol.swift */; };
		856571C826D4D80500F5C53A /* Badge.swift in Sources */ = {isa = PBXBuildFile; fileRef = 856571C726D4D80500F5C53A /* Badge.swift */; };
		856571CB26D7203E00F5C53A /* hikeData.json in Resources */ = {isa = PBXBuildFile; fileRef = 856571CA26D7203E00F5C53A /* hikeData.json */; };
		856571CD26D7207600F5C53A /* Hike.swift in Sources */ = {isa = PBXBuildFile; fileRef = 856571CC26D7207600F5C53A /* Hike.swift */; };
		856571D326D723B400F5C53A /* GraphCapsule.swift in Sources */ = {isa = PBXBuildFile; fileRef = 856571CF26D723B400F5C53A /* GraphCapsule.swift */; };
		856571D426D723B400F5C53A /* HikeGraph.swift in Sources */ = {isa = PBXBuildFile; fileRef = 856571D026D723B400F5C53A /* HikeGraph.swift */; };
		856571D526D723B400F5C53A /* HikeDetail.swift in Sources */ = {isa = PBXBuildFile; fileRef = 856571D126D723B400F5C53A /* HikeDetail.swift */; };
		856571D626D723B400F5C53A /* HikeView.swift in Sources */ = {isa = PBXBuildFile; fileRef = 856571D226D723B400F5C53A /* HikeView.swift */; };
		856571D826D880A500F5C53A /* CategoryHome.swift in Sources */ = {isa = PBXBuildFile; fileRef = 856571D726D880A500F5C53A /* CategoryHome.swift */; };
		856571DA26D885E600F5C53A /* CategoryRow.swift in Sources */ = {isa = PBXBuildFile; fileRef = 856571D926D885E600F5C53A /* CategoryRow.swift */; };
		856571DC26D8880B00F5C53A /* CategoryItem.swift in Sources */ = {isa = PBXBuildFile; fileRef = 856571DB26D8880B00F5C53A /* CategoryItem.swift */; };
		856571DE26D8915800F5C53A /* Profile.swift in Sources */ = {isa = PBXBuildFile; fileRef = 856571DD26D8915800F5C53A /* Profile.swift */; };
		856571E226D8932400F5C53A /* ProfileHost.swift in Sources */ = {isa = PBXBuildFile; fileRef = 856571E126D8932400F5C53A /* ProfileHost.swift */; };
		856571E426D8939400F5C53A /* ProfileSummary.swift in Sources */ = {isa = PBXBuildFile; fileRef = 856571E326D8939400F5C53A /* ProfileSummary.swift */; };
		856571E626D8976900F5C53A /* HikeBadge.swift in Sources */ = {isa = PBXBuildFile; fileRef = 856571E526D8976900F5C53A /* HikeBadge.swift */; };
		856571E826D8C8B300F5C53A /* ProfileEditor.swift in Sources */ = {isa = PBXBuildFile; fileRef = 856571E726D8C8B300F5C53A /* ProfileEditor.swift */; };
		856571EB26DC6C2E00F5C53A /* PageViewController.swift in Sources */ = {isa = PBXBuildFile; fileRef = 856571EA26DC6C2E00F5C53A /* PageViewController.swift */; };
		856571ED26DC70FA00F5C53A /* FeatureCard.swift in Sources */ = {isa = PBXBuildFile; fileRef = 856571EC26DC70FA00F5C53A /* FeatureCard.swift */; };
		856571EF26DC73EC00F5C53A /* PageView.swift in Sources */ = {isa = PBXBuildFile; fileRef = 856571EE26DC73EC00F5C53A /* PageView.swift */; };
		856571F126DC7D0900F5C53A /* PageControl.swift in Sources */ = {isa = PBXBuildFile; fileRef = 856571F026DC7D0900F5C53A /* PageControl.swift */; };
		856571FE26DC81F900F5C53A /* WatchLandmarks Extension.appex in Embed App Extensions */ = {isa = PBXBuildFile; fileRef = 856571FD26DC81F900F5C53A /* WatchLandmarks Extension.appex */; settings = {ATTRIBUTES = (RemoveHeadersOnCopy, ); }; };
		8565720526DC81F900F5C53A /* ContentView.swift in Sources */ = {isa = PBXBuildFile; fileRef = 8565720426DC81F900F5C53A /* ContentView.swift */; };
		8565720726DC81F900F5C53A /* NotificationController.swift in Sources */ = {isa = PBXBuildFile; fileRef = 8565720626DC81F900F5C53A /* NotificationController.swift */; };
		8565720926DC81F900F5C53A /* NotificationView.swift in Sources */ = {isa = PBXBuildFile; fileRef = 8565720826DC81F900F5C53A /* NotificationView.swift */; };
		8565720B26DC81F900F5C53A /* ComplicationController.swift in Sources */ = {isa = PBXBuildFile; fileRef = 8565720A26DC81F900F5C53A /* ComplicationController.swift */; };
		8565720D26DC81FA00F5C53A /* Assets.xcassets in Resources */ = {isa = PBXBuildFile; fileRef = 8565720C26DC81FA00F5C53A /* Assets.xcassets */; };
		8565721026DC81FA00F5C53A /* Preview Assets.xcassets in Resources */ = {isa = PBXBuildFile; fileRef = 8565720F26DC81FA00F5C53A /* Preview Assets.xcassets */; };
		8565721C26DC81FA00F5C53A /* WatchLandmarksTests.swift in Sources */ = {isa = PBXBuildFile; fileRef = 8565721B26DC81FA00F5C53A /* WatchLandmarksTests.swift */; };
		8565722726DC81FA00F5C53A /* WatchLandmarksUITests.swift in Sources */ = {isa = PBXBuildFile; fileRef = 8565722626DC81FA00F5C53A /* WatchLandmarksUITests.swift */; };
		8565722B26DC81FA00F5C53A /* WatchLandmarks.app in Embed Watch Content */ = {isa = PBXBuildFile; fileRef = 856571F426DC81F300F5C53A /* WatchLandmarks.app */; settings = {ATTRIBUTES = (RemoveHeadersOnCopy, ); }; };
		8565723A26DC85F700F5C53A /* ModelData.swift in Sources */ = {isa = PBXBuildFile; fileRef = 856571B026D3467C00F5C53A /* ModelData.swift */; };
		8565723B26DC85F700F5C53A /* hikeData.json in Resources */ = {isa = PBXBuildFile; fileRef = 856571CA26D7203E00F5C53A /* hikeData.json */; };
		8565723C26DC85F700F5C53A /* Landmark.swift in Sources */ = {isa = PBXBuildFile; fileRef = 856571AE26D3407100F5C53A /* Landmark.swift */; };
		8565723D26DC85F700F5C53A /* Hike.swift in Sources */ = {isa = PBXBuildFile; fileRef = 856571CC26D7207600F5C53A /* Hike.swift */; };
		8565723E26DC85F700F5C53A /* Profile.swift in Sources */ = {isa = PBXBuildFile; fileRef = 856571DD26D8915800F5C53A /* Profile.swift */; };
		8565723F26DC85F700F5C53A /* LandmarkRow.swift in Sources */ = {isa = PBXBuildFile; fileRef = 856571B526D364EA00F5C53A /* LandmarkRow.swift */; };
		8565724126DC85F700F5C53A /* LandmarksApp.swift in Sources */ = {isa = PBXBuildFile; fileRef = 8565717B26D222D800F5C53A /* LandmarksApp.swift */; };
		8565724226DC85F700F5C53A /* Assets.xcassets in Resources */ = {isa = PBXBuildFile; fileRef = 8565717F26D222DC00F5C53A /* Assets.xcassets */; };
		8565724326DC85F700F5C53A /* CircleImage.swift in Sources */ = {isa = PBXBuildFile; fileRef = 856571A826D2367300F5C53A /* CircleImage.swift */; };
		8565724426DC85F700F5C53A /* landmarkData.json in Resources */ = {isa = PBXBuildFile; fileRef = 856571AC26D33F4D00F5C53A /* landmarkData.json */; };
		8565724526DC85F700F5C53A /* MapView.swift in Sources */ = {isa = PBXBuildFile; fileRef = 856571AA26D2389800F5C53A /* MapView.swift */; };
		8565726026DC86AD00F5C53A /* Assets.xcassets in Resources */ = {isa = PBXBuildFile; fileRef = 8565725F26DC86AD00F5C53A /* Assets.xcassets */; };
		8565726226DC870C00F5C53A /* LandmarkDetail.swift in Sources */ = {isa = PBXBuildFile; fileRef = 8565726126DC870C00F5C53A /* LandmarkDetail.swift */; };
		8565726C26DC980500F5C53A /* ContentView.swift in Sources */ = {isa = PBXBuildFile; fileRef = 8565726B26DC980500F5C53A /* ContentView.swift */; };
		8565726E26DC980A00F5C53A /* Assets.xcassets in Resources */ = {isa = PBXBuildFile; fileRef = 8565726D26DC980A00F5C53A /* Assets.xcassets */; };
		8565727126DC980A00F5C53A /* Preview Assets.xcassets in Resources */ = {isa = PBXBuildFile; fileRef = 8565727026DC980A00F5C53A /* Preview Assets.xcassets */; };
		8565727D26DC980A00F5C53A /* MacLandmarksTests.swift in Sources */ = {isa = PBXBuildFile; fileRef = 8565727C26DC980A00F5C53A /* MacLandmarksTests.swift */; };
		8565728826DC980A00F5C53A /* MacLandmarksUITests.swift in Sources */ = {isa = PBXBuildFile; fileRef = 8565728726DC980A00F5C53A /* MacLandmarksUITests.swift */; };
		8565729326DC987900F5C53A /* MapView.swift in Sources */ = {isa = PBXBuildFile; fileRef = 856571AA26D2389800F5C53A /* MapView.swift */; };
		8565729426DC987900F5C53A /* landmarkData.json in Resources */ = {isa = PBXBuildFile; fileRef = 856571AC26D33F4D00F5C53A /* landmarkData.json */; };
		8565729526DC987900F5C53A /* LandmarkRow.swift in Sources */ = {isa = PBXBuildFile; fileRef = 856571B526D364EA00F5C53A /* LandmarkRow.swift */; };
		8565729626DC987900F5C53A /* Assets.xcassets in Resources */ = {isa = PBXBuildFile; fileRef = 8565717F26D222DC00F5C53A /* Assets.xcassets */; };
		8565729726DC987900F5C53A /* CircleImage.swift in Sources */ = {isa = PBXBuildFile; fileRef = 856571A826D2367300F5C53A /* CircleImage.swift */; };
		8565729826DC987900F5C53A /* ModelData.swift in Sources */ = {isa = PBXBuildFile; fileRef = 856571B026D3467C00F5C53A /* ModelData.swift */; };
		8565729926DC987900F5C53A /* Landmark.swift in Sources */ = {isa = PBXBuildFile; fileRef = 856571AE26D3407100F5C53A /* Landmark.swift */; };
		8565729A26DC987900F5C53A /* hikeData.json in Resources */ = {isa = PBXBuildFile; fileRef = 856571CA26D7203E00F5C53A /* hikeData.json */; };
		8565729B26DC987900F5C53A /* Profile.swift in Sources */ = {isa = PBXBuildFile; fileRef = 856571DD26D8915800F5C53A /* Profile.swift */; };
		8565729C26DC987900F5C53A /* FavoriteButton.swift in Sources */ = {isa = PBXBuildFile; fileRef = 856571BB26D3941E00F5C53A /* FavoriteButton.swift */; };
		8565729D26DC987900F5C53A /* LandmarkList.swift in Sources */ = {isa = PBXBuildFile; fileRef = 856571B726D367F200F5C53A /* LandmarkList.swift */; };
		8565729E26DC987900F5C53A /* LandmarksApp.swift in Sources */ = {isa = PBXBuildFile; fileRef = 8565717B26D222D800F5C53A /* LandmarksApp.swift */; };
		8565729F26DC987900F5C53A /* Hike.swift in Sources */ = {isa = PBXBuildFile; fileRef = 856571CC26D7207600F5C53A /* Hike.swift */; };
		856572A226DC9A2E00F5C53A /* LandmarkDetail.swift in Sources */ = {isa = PBXBuildFile; fileRef = 856572A126DC9A2E00F5C53A /* LandmarkDetail.swift */; };
		856572A426DCA1A100F5C53A /* LandmarkList.swift in Sources */ = {isa = PBXBuildFile; fileRef = 856572A326DCA1A100F5C53A /* LandmarkList.swift */; };
		856572A626DCAA1200F5C53A /* LandmarkCommands.swift in Sources */ = {isa = PBXBuildFile; fileRef = 856572A526DCAA1200F5C53A /* LandmarkCommands.swift */; };
		856572A726DCAA1200F5C53A /* LandmarkCommands.swift in Sources */ = {isa = PBXBuildFile; fileRef = 856572A526DCAA1200F5C53A /* LandmarkCommands.swift */; };
		856572AA26DCB01E00F5C53A /* LandmarkSettings.swift in Sources */ = {isa = PBXBuildFile; fileRef = 856572A826DCB01E00F5C53A /* LandmarkSettings.swift */; };
/* End PBXBuildFile section */

/* Begin PBXContainerItemProxy section */
		8565718A26D222DD00F5C53A /* PBXContainerItemProxy */ = {
			isa = PBXContainerItemProxy;
			containerPortal = 8565717026D222D800F5C53A /* Project object */;
			proxyType = 1;
			remoteGlobalIDString = 8565717726D222D800F5C53A;
			remoteInfo = Landmarks;
		};
		8565719526D222DD00F5C53A /* PBXContainerItemProxy */ = {
			isa = PBXContainerItemProxy;
			containerPortal = 8565717026D222D800F5C53A /* Project object */;
			proxyType = 1;
			remoteGlobalIDString = 8565717726D222D800F5C53A;
			remoteInfo = Landmarks;
		};
		856571FF26DC81F900F5C53A /* PBXContainerItemProxy */ = {
			isa = PBXContainerItemProxy;
			containerPortal = 8565717026D222D800F5C53A /* Project object */;
			proxyType = 1;
			remoteGlobalIDString = 856571FC26DC81F900F5C53A;
			remoteInfo = "WatchLandmarks Extension";
		};
		8565721826DC81FA00F5C53A /* PBXContainerItemProxy */ = {
			isa = PBXContainerItemProxy;
			containerPortal = 8565717026D222D800F5C53A /* Project object */;
			proxyType = 1;
			remoteGlobalIDString = 856571FC26DC81F900F5C53A;
			remoteInfo = "WatchLandmarks Extension";
		};
		8565722326DC81FA00F5C53A /* PBXContainerItemProxy */ = {
			isa = PBXContainerItemProxy;
			containerPortal = 8565717026D222D800F5C53A /* Project object */;
			proxyType = 1;
			remoteGlobalIDString = 856571F326DC81F300F5C53A;
			remoteInfo = WatchLandmarks;
		};
		8565722926DC81FA00F5C53A /* PBXContainerItemProxy */ = {
			isa = PBXContainerItemProxy;
			containerPortal = 8565717026D222D800F5C53A /* Project object */;
			proxyType = 1;
			remoteGlobalIDString = 856571F326DC81F300F5C53A;
			remoteInfo = WatchLandmarks;
		};
		8565727926DC980A00F5C53A /* PBXContainerItemProxy */ = {
			isa = PBXContainerItemProxy;
			containerPortal = 8565717026D222D800F5C53A /* Project object */;
			proxyType = 1;
			remoteGlobalIDString = 8565726626DC980500F5C53A;
			remoteInfo = MacLandmarks;
		};
		8565728426DC980A00F5C53A /* PBXContainerItemProxy */ = {
			isa = PBXContainerItemProxy;
			containerPortal = 8565717026D222D800F5C53A /* Project object */;
			proxyType = 1;
			remoteGlobalIDString = 8565726626DC980500F5C53A;
			remoteInfo = MacLandmarks;
		};
/* End PBXContainerItemProxy section */

/* Begin PBXCopyFilesBuildPhase section */
		8565722F26DC81FA00F5C53A /* Embed App Extensions */ = {
			isa = PBXCopyFilesBuildPhase;
			buildActionMask = 2147483647;
			dstPath = "";
			dstSubfolderSpec = 13;
			files = (
				856571FE26DC81F900F5C53A /* WatchLandmarks Extension.appex in Embed App Extensions */,
			);
			name = "Embed App Extensions";
			runOnlyForDeploymentPostprocessing = 0;
		};
		8565723326DC81FA00F5C53A /* Embed Watch Content */ = {
			isa = PBXCopyFilesBuildPhase;
			buildActionMask = 2147483647;
			dstPath = "$(CONTENTS_FOLDER_PATH)/Watch";
			dstSubfolderSpec = 16;
			files = (
				8565722B26DC81FA00F5C53A /* WatchLandmarks.app in Embed Watch Content */,
			);
			name = "Embed Watch Content";
			runOnlyForDeploymentPostprocessing = 0;
		};
/* End PBXCopyFilesBuildPhase section */

/* Begin PBXFileReference section */
		8565717826D222D800F5C53A /* Landmarks.app */ = {isa = PBXFileReference; explicitFileType = wrapper.application; includeInIndex = 0; path = Landmarks.app; sourceTree = BUILT_PRODUCTS_DIR; };
		8565717B26D222D800F5C53A /* LandmarksApp.swift */ = {isa = PBXFileReference; lastKnownFileType = sourcecode.swift; path = LandmarksApp.swift; sourceTree = "<group>"; };
		8565717D26D222D800F5C53A /* ContentView.swift */ = {isa = PBXFileReference; lastKnownFileType = sourcecode.swift; path = ContentView.swift; sourceTree = "<group>"; };
		8565717F26D222DC00F5C53A /* Assets.xcassets */ = {isa = PBXFileReference; lastKnownFileType = folder.assetcatalog; path = Assets.xcassets; sourceTree = "<group>"; };
		8565718226D222DC00F5C53A /* Preview Assets.xcassets */ = {isa = PBXFileReference; lastKnownFileType = folder.assetcatalog; path = "Preview Assets.xcassets"; sourceTree = "<group>"; };
		8565718426D222DC00F5C53A /* Info.plist */ = {isa = PBXFileReference; lastKnownFileType = text.plist.xml; path = Info.plist; sourceTree = "<group>"; };
		8565718926D222DC00F5C53A /* LandmarksTests.xctest */ = {isa = PBXFileReference; explicitFileType = wrapper.cfbundle; includeInIndex = 0; path = LandmarksTests.xctest; sourceTree = BUILT_PRODUCTS_DIR; };
		8565718D26D222DD00F5C53A /* LandmarksTests.swift */ = {isa = PBXFileReference; lastKnownFileType = sourcecode.swift; path = LandmarksTests.swift; sourceTree = "<group>"; };
		8565718F26D222DD00F5C53A /* Info.plist */ = {isa = PBXFileReference; lastKnownFileType = text.plist.xml; path = Info.plist; sourceTree = "<group>"; };
		8565719426D222DD00F5C53A /* LandmarksUITests.xctest */ = {isa = PBXFileReference; explicitFileType = wrapper.cfbundle; includeInIndex = 0; path = LandmarksUITests.xctest; sourceTree = BUILT_PRODUCTS_DIR; };
		8565719826D222DD00F5C53A /* LandmarksUITests.swift */ = {isa = PBXFileReference; lastKnownFileType = sourcecode.swift; path = LandmarksUITests.swift; sourceTree = "<group>"; };
		8565719A26D222DD00F5C53A /* Info.plist */ = {isa = PBXFileReference; lastKnownFileType = text.plist.xml; path = Info.plist; sourceTree = "<group>"; };
		856571A826D2367300F5C53A /* CircleImage.swift */ = {isa = PBXFileReference; lastKnownFileType = sourcecode.swift; path = CircleImage.swift; sourceTree = "<group>"; };
		856571AA26D2389800F5C53A /* MapView.swift */ = {isa = PBXFileReference; lastKnownFileType = sourcecode.swift; path = MapView.swift; sourceTree = "<group>"; };
		856571AC26D33F4D00F5C53A /* landmarkData.json */ = {isa = PBXFileReference; fileEncoding = 4; lastKnownFileType = text.json; path = landmarkData.json; sourceTree = "<group>"; };
		856571AE26D3407100F5C53A /* Landmark.swift */ = {isa = PBXFileReference; lastKnownFileType = sourcecode.swift; path = Landmark.swift; sourceTree = "<group>"; };
		856571B026D3467C00F5C53A /* ModelData.swift */ = {isa = PBXFileReference; lastKnownFileType = sourcecode.swift; path = ModelData.swift; sourceTree = "<group>"; };
		856571B526D364EA00F5C53A /* LandmarkRow.swift */ = {isa = PBXFileReference; lastKnownFileType = sourcecode.swift; path = LandmarkRow.swift; sourceTree = "<group>"; };
		856571B726D367F200F5C53A /* LandmarkList.swift */ = {isa = PBXFileReference; lastKnownFileType = sourcecode.swift; path = LandmarkList.swift; sourceTree = "<group>"; };
		856571B926D369AA00F5C53A /* LandmarkDetail.swift */ = {isa = PBXFileReference; lastKnownFileType = sourcecode.swift; path = LandmarkDetail.swift; sourceTree = "<group>"; };
		856571BB26D3941E00F5C53A /* FavoriteButton.swift */ = {isa = PBXFileReference; lastKnownFileType = sourcecode.swift; path = FavoriteButton.swift; sourceTree = "<group>"; };
		856571BF26D4C34800F5C53A /* HexagonParameters.swift */ = {isa = PBXFileReference; lastKnownFileType = sourcecode.swift; path = HexagonParameters.swift; sourceTree = "<group>"; };
		856571C126D4C60D00F5C53A /* BadgeBackground.swift */ = {isa = PBXFileReference; lastKnownFileType = sourcecode.swift; path = BadgeBackground.swift; sourceTree = "<group>"; };
		856571C326D4D1A900F5C53A /* BadgeSymbol.swift */ = {isa = PBXFileReference; lastKnownFileType = sourcecode.swift; path = BadgeSymbol.swift; sourceTree = "<group>"; };
		856571C526D4D6C600F5C53A /* RotatedBadgeSymbol.swift */ = {isa = PBXFileReference; lastKnownFileType = sourcecode.swift; path = RotatedBadgeSymbol.swift; sourceTree = "<group>"; };
		856571C726D4D80500F5C53A /* Badge.swift */ = {isa = PBXFileReference; lastKnownFileType = sourcecode.swift; path = Badge.swift; sourceTree = "<group>"; };
		856571CA26D7203E00F5C53A /* hikeData.json */ = {isa = PBXFileReference; fileEncoding = 4; lastKnownFileType = text.json; name = hikeData.json; path = ../../../Resource/hikeData.json; sourceTree = "<group>"; };
		856571CC26D7207600F5C53A /* Hike.swift */ = {isa = PBXFileReference; lastKnownFileType = sourcecode.swift; path = Hike.swift; sourceTree = "<group>"; };
		856571CF26D723B400F5C53A /* GraphCapsule.swift */ = {isa = PBXFileReference; fileEncoding = 4; lastKnownFileType = sourcecode.swift; path = GraphCapsule.swift; sourceTree = "<group>"; };
		856571D026D723B400F5C53A /* HikeGraph.swift */ = {isa = PBXFileReference; fileEncoding = 4; lastKnownFileType = sourcecode.swift; path = HikeGraph.swift; sourceTree = "<group>"; };
		856571D126D723B400F5C53A /* HikeDetail.swift */ = {isa = PBXFileReference; fileEncoding = 4; lastKnownFileType = sourcecode.swift; path = HikeDetail.swift; sourceTree = "<group>"; };
		856571D226D723B400F5C53A /* HikeView.swift */ = {isa = PBXFileReference; fileEncoding = 4; lastKnownFileType = sourcecode.swift; path = HikeView.swift; sourceTree = "<group>"; };
		856571D726D880A500F5C53A /* CategoryHome.swift */ = {isa = PBXFileReference; lastKnownFileType = sourcecode.swift; path = CategoryHome.swift; sourceTree = "<group>"; };
		856571D926D885E600F5C53A /* CategoryRow.swift */ = {isa = PBXFileReference; lastKnownFileType = sourcecode.swift; path = CategoryRow.swift; sourceTree = "<group>"; };
		856571DB26D8880B00F5C53A /* CategoryItem.swift */ = {isa = PBXFileReference; lastKnownFileType = sourcecode.swift; path = CategoryItem.swift; sourceTree = "<group>"; };
		856571DD26D8915800F5C53A /* Profile.swift */ = {isa = PBXFileReference; lastKnownFileType = sourcecode.swift; path = Profile.swift; sourceTree = "<group>"; };
		856571E126D8932400F5C53A /* ProfileHost.swift */ = {isa = PBXFileReference; lastKnownFileType = sourcecode.swift; path = ProfileHost.swift; sourceTree = "<group>"; };
		856571E326D8939400F5C53A /* ProfileSummary.swift */ = {isa = PBXFileReference; lastKnownFileType = sourcecode.swift; path = ProfileSummary.swift; sourceTree = "<group>"; };
		856571E526D8976900F5C53A /* HikeBadge.swift */ = {isa = PBXFileReference; lastKnownFileType = sourcecode.swift; path = HikeBadge.swift; sourceTree = "<group>"; };
		856571E726D8C8B300F5C53A /* ProfileEditor.swift */ = {isa = PBXFileReference; lastKnownFileType = sourcecode.swift; path = ProfileEditor.swift; sourceTree = "<group>"; };
		856571EA26DC6C2E00F5C53A /* PageViewController.swift */ = {isa = PBXFileReference; lastKnownFileType = sourcecode.swift; path = PageViewController.swift; sourceTree = "<group>"; };
		856571EC26DC70FA00F5C53A /* FeatureCard.swift */ = {isa = PBXFileReference; lastKnownFileType = sourcecode.swift; path = FeatureCard.swift; sourceTree = "<group>"; };
		856571EE26DC73EC00F5C53A /* PageView.swift */ = {isa = PBXFileReference; lastKnownFileType = sourcecode.swift; path = PageView.swift; sourceTree = "<group>"; };
		856571F026DC7D0900F5C53A /* PageControl.swift */ = {isa = PBXFileReference; lastKnownFileType = sourcecode.swift; path = PageControl.swift; sourceTree = "<group>"; };
		856571F426DC81F300F5C53A /* WatchLandmarks.app */ = {isa = PBXFileReference; explicitFileType = wrapper.application; includeInIndex = 0; path = WatchLandmarks.app; sourceTree = BUILT_PRODUCTS_DIR; };
		856571F826DC81F800F5C53A /* Info.plist */ = {isa = PBXFileReference; lastKnownFileType = text.plist.xml; path = Info.plist; sourceTree = "<group>"; };
		856571FD26DC81F900F5C53A /* WatchLandmarks Extension.appex */ = {isa = PBXFileReference; explicitFileType = "wrapper.app-extension"; includeInIndex = 0; path = "WatchLandmarks Extension.appex"; sourceTree = BUILT_PRODUCTS_DIR; };
		8565720426DC81F900F5C53A /* ContentView.swift */ = {isa = PBXFileReference; lastKnownFileType = sourcecode.swift; path = ContentView.swift; sourceTree = "<group>"; };
		8565720626DC81F900F5C53A /* NotificationController.swift */ = {isa = PBXFileReference; lastKnownFileType = sourcecode.swift; path = NotificationController.swift; sourceTree = "<group>"; };
		8565720826DC81F900F5C53A /* NotificationView.swift */ = {isa = PBXFileReference; lastKnownFileType = sourcecode.swift; path = NotificationView.swift; sourceTree = "<group>"; };
		8565720A26DC81F900F5C53A /* ComplicationController.swift */ = {isa = PBXFileReference; lastKnownFileType = sourcecode.swift; path = ComplicationController.swift; sourceTree = "<group>"; };
		8565720C26DC81FA00F5C53A /* Assets.xcassets */ = {isa = PBXFileReference; lastKnownFileType = folder.assetcatalog; path = Assets.xcassets; sourceTree = "<group>"; };
		8565720F26DC81FA00F5C53A /* Preview Assets.xcassets */ = {isa = PBXFileReference; lastKnownFileType = folder.assetcatalog; path = "Preview Assets.xcassets"; sourceTree = "<group>"; };
		8565721126DC81FA00F5C53A /* Info.plist */ = {isa = PBXFileReference; lastKnownFileType = text.plist.xml; path = Info.plist; sourceTree = "<group>"; };
		8565721226DC81FA00F5C53A /* PushNotificationPayload.apns */ = {isa = PBXFileReference; lastKnownFileType = text; path = PushNotificationPayload.apns; sourceTree = "<group>"; };
		8565721726DC81FA00F5C53A /* WatchLandmarksTests.xctest */ = {isa = PBXFileReference; explicitFileType = wrapper.cfbundle; includeInIndex = 0; path = WatchLandmarksTests.xctest; sourceTree = BUILT_PRODUCTS_DIR; };
		8565721B26DC81FA00F5C53A /* WatchLandmarksTests.swift */ = {isa = PBXFileReference; lastKnownFileType = sourcecode.swift; path = WatchLandmarksTests.swift; sourceTree = "<group>"; };
		8565721D26DC81FA00F5C53A /* Info.plist */ = {isa = PBXFileReference; lastKnownFileType = text.plist.xml; path = Info.plist; sourceTree = "<group>"; };
		8565722226DC81FA00F5C53A /* WatchLandmarksUITests.xctest */ = {isa = PBXFileReference; explicitFileType = wrapper.cfbundle; includeInIndex = 0; path = WatchLandmarksUITests.xctest; sourceTree = BUILT_PRODUCTS_DIR; };
		8565722626DC81FA00F5C53A /* WatchLandmarksUITests.swift */ = {isa = PBXFileReference; lastKnownFileType = sourcecode.swift; path = WatchLandmarksUITests.swift; sourceTree = "<group>"; };
		8565722826DC81FA00F5C53A /* Info.plist */ = {isa = PBXFileReference; lastKnownFileType = text.plist.xml; path = Info.plist; sourceTree = "<group>"; };
		8565725F26DC86AD00F5C53A /* Assets.xcassets */ = {isa = PBXFileReference; lastKnownFileType = folder.assetcatalog; name = Assets.xcassets; path = ../../../../../Downloads/CreatingAwatchOSApp/Complete/WatchLandmarks/Assets.xcassets; sourceTree = "<group>"; };
		8565726126DC870C00F5C53A /* LandmarkDetail.swift */ = {isa = PBXFileReference; lastKnownFileType = sourcecode.swift; path = LandmarkDetail.swift; sourceTree = "<group>"; };
		8565726726DC980500F5C53A /* MacLandmarks.app */ = {isa = PBXFileReference; explicitFileType = wrapper.application; includeInIndex = 0; path = MacLandmarks.app; sourceTree = BUILT_PRODUCTS_DIR; };
		8565726B26DC980500F5C53A /* ContentView.swift */ = {isa = PBXFileReference; lastKnownFileType = sourcecode.swift; path = ContentView.swift; sourceTree = "<group>"; };
		8565726D26DC980A00F5C53A /* Assets.xcassets */ = {isa = PBXFileReference; lastKnownFileType = folder.assetcatalog; path = Assets.xcassets; sourceTree = "<group>"; };
		8565727026DC980A00F5C53A /* Preview Assets.xcassets */ = {isa = PBXFileReference; lastKnownFileType = folder.assetcatalog; path = "Preview Assets.xcassets"; sourceTree = "<group>"; };
		8565727226DC980A00F5C53A /* Info.plist */ = {isa = PBXFileReference; lastKnownFileType = text.plist.xml; path = Info.plist; sourceTree = "<group>"; };
		8565727326DC980A00F5C53A /* MacLandmarks.entitlements */ = {isa = PBXFileReference; lastKnownFileType = text.plist.entitlements; path = MacLandmarks.entitlements; sourceTree = "<group>"; };
		8565727826DC980A00F5C53A /* MacLandmarksTests.xctest */ = {isa = PBXFileReference; explicitFileType = wrapper.cfbundle; includeInIndex = 0; path = MacLandmarksTests.xctest; sourceTree = BUILT_PRODUCTS_DIR; };
		8565727C26DC980A00F5C53A /* MacLandmarksTests.swift */ = {isa = PBXFileReference; lastKnownFileType = sourcecode.swift; path = MacLandmarksTests.swift; sourceTree = "<group>"; };
		8565727E26DC980A00F5C53A /* Info.plist */ = {isa = PBXFileReference; lastKnownFileType = text.plist.xml; path = Info.plist; sourceTree = "<group>"; };
		8565728326DC980A00F5C53A /* MacLandmarksUITests.xctest */ = {isa = PBXFileReference; explicitFileType = wrapper.cfbundle; includeInIndex = 0; path = MacLandmarksUITests.xctest; sourceTree = BUILT_PRODUCTS_DIR; };
		8565728726DC980A00F5C53A /* MacLandmarksUITests.swift */ = {isa = PBXFileReference; lastKnownFileType = sourcecode.swift; path = MacLandmarksUITests.swift; sourceTree = "<group>"; };
		8565728926DC980A00F5C53A /* Info.plist */ = {isa = PBXFileReference; lastKnownFileType = text.plist.xml; path = Info.plist; sourceTree = "<group>"; };
		856572A126DC9A2E00F5C53A /* LandmarkDetail.swift */ = {isa = PBXFileReference; lastKnownFileType = sourcecode.swift; path = LandmarkDetail.swift; sourceTree = "<group>"; };
		856572A326DCA1A100F5C53A /* LandmarkList.swift */ = {isa = PBXFileReference; lastKnownFileType = sourcecode.swift; path = LandmarkList.swift; sourceTree = "<group>"; };
		856572A526DCAA1200F5C53A /* LandmarkCommands.swift */ = {isa = PBXFileReference; lastKnownFileType = sourcecode.swift; path = LandmarkCommands.swift; sourceTree = "<group>"; };
		856572A826DCB01E00F5C53A /* LandmarkSettings.swift */ = {isa = PBXFileReference; lastKnownFileType = sourcecode.swift; path = LandmarkSettings.swift; sourceTree = "<group>"; };
/* End PBXFileReference section */

/* Begin PBXFrameworksBuildPhase section */
		8565717526D222D800F5C53A /* Frameworks */ = {
			isa = PBXFrameworksBuildPhase;
			buildActionMask = 2147483647;
			files = (
			);
			runOnlyForDeploymentPostprocessing = 0;
		};
		8565718626D222DC00F5C53A /* Frameworks */ = {
			isa = PBXFrameworksBuildPhase;
			buildActionMask = 2147483647;
			files = (
			);
			runOnlyForDeploymentPostprocessing = 0;
		};
		8565719126D222DD00F5C53A /* Frameworks */ = {
			isa = PBXFrameworksBuildPhase;
			buildActionMask = 2147483647;
			files = (
			);
			runOnlyForDeploymentPostprocessing = 0;
		};
		856571FA26DC81F900F5C53A /* Frameworks */ = {
			isa = PBXFrameworksBuildPhase;
			buildActionMask = 2147483647;
			files = (
			);
			runOnlyForDeploymentPostprocessing = 0;
		};
		8565721426DC81FA00F5C53A /* Frameworks */ = {
			isa = PBXFrameworksBuildPhase;
			buildActionMask = 2147483647;
			files = (
			);
			runOnlyForDeploymentPostprocessing = 0;
		};
		8565721F26DC81FA00F5C53A /* Frameworks */ = {
			isa = PBXFrameworksBuildPhase;
			buildActionMask = 2147483647;
			files = (
			);
			runOnlyForDeploymentPostprocessing = 0;
		};
		8565726426DC980500F5C53A /* Frameworks */ = {
			isa = PBXFrameworksBuildPhase;
			buildActionMask = 2147483647;
			files = (
			);
			runOnlyForDeploymentPostprocessing = 0;
		};
		8565727526DC980A00F5C53A /* Frameworks */ = {
			isa = PBXFrameworksBuildPhase;
			buildActionMask = 2147483647;
			files = (
			);
			runOnlyForDeploymentPostprocessing = 0;
		};
		8565728026DC980A00F5C53A /* Frameworks */ = {
			isa = PBXFrameworksBuildPhase;
			buildActionMask = 2147483647;
			files = (
			);
			runOnlyForDeploymentPostprocessing = 0;
		};
/* End PBXFrameworksBuildPhase section */

/* Begin PBXGroup section */
		8565716F26D222D800F5C53A = {
			isa = PBXGroup;
			children = (
				8565717A26D222D800F5C53A /* Landmarks */,
				8565718C26D222DD00F5C53A /* LandmarksTests */,
				8565719726D222DD00F5C53A /* LandmarksUITests */,
				856571F526DC81F300F5C53A /* WatchLandmarks */,
				8565720126DC81F900F5C53A /* WatchLandmarks Extension */,
				8565721A26DC81FA00F5C53A /* WatchLandmarksTests */,
				8565722526DC81FA00F5C53A /* WatchLandmarksUITests */,
				8565726826DC980500F5C53A /* MacLandmarks */,
				8565727B26DC980A00F5C53A /* MacLandmarksTests */,
				8565728626DC980A00F5C53A /* MacLandmarksUITests */,
				8565717926D222D800F5C53A /* Products */,
			);
			sourceTree = "<group>";
		};
		8565717926D222D800F5C53A /* Products */ = {
			isa = PBXGroup;
			children = (
				8565717826D222D800F5C53A /* Landmarks.app */,
				8565718926D222DC00F5C53A /* LandmarksTests.xctest */,
				8565719426D222DD00F5C53A /* LandmarksUITests.xctest */,
				856571F426DC81F300F5C53A /* WatchLandmarks.app */,
				856571FD26DC81F900F5C53A /* WatchLandmarks Extension.appex */,
				8565721726DC81FA00F5C53A /* WatchLandmarksTests.xctest */,
				8565722226DC81FA00F5C53A /* WatchLandmarksUITests.xctest */,
				8565726726DC980500F5C53A /* MacLandmarks.app */,
				8565727826DC980A00F5C53A /* MacLandmarksTests.xctest */,
				8565728326DC980A00F5C53A /* MacLandmarksUITests.xctest */,
			);
			name = Products;
			sourceTree = "<group>";
		};
		8565717A26D222D800F5C53A /* Landmarks */ = {
			isa = PBXGroup;
			children = (
				856571B426D3644B00F5C53A /* Resources */,
				856571B326D3642900F5C53A /* Models */,
				856571B226D3641000F5C53A /* Views */,
				8565717B26D222D800F5C53A /* LandmarksApp.swift */,
				8565717F26D222DC00F5C53A /* Assets.xcassets */,
				8565718426D222DC00F5C53A /* Info.plist */,
				8565718126D222DC00F5C53A /* Preview Content */,
			);
			path = Landmarks;
			sourceTree = "<group>";
		};
		8565718126D222DC00F5C53A /* Preview Content */ = {
			isa = PBXGroup;
			children = (
				8565718226D222DC00F5C53A /* Preview Assets.xcassets */,
			);
			path = "Preview Content";
			sourceTree = "<group>";
		};
		8565718C26D222DD00F5C53A /* LandmarksTests */ = {
			isa = PBXGroup;
			children = (
				8565718D26D222DD00F5C53A /* LandmarksTests.swift */,
				8565718F26D222DD00F5C53A /* Info.plist */,
			);
			path = LandmarksTests;
			sourceTree = "<group>";
		};
		8565719726D222DD00F5C53A /* LandmarksUITests */ = {
			isa = PBXGroup;
			children = (
				8565719826D222DD00F5C53A /* LandmarksUITests.swift */,
				8565719A26D222DD00F5C53A /* Info.plist */,
			);
			path = LandmarksUITests;
			sourceTree = "<group>";
		};
		856571B226D3641000F5C53A /* Views */ = {
			isa = PBXGroup;
			children = (
				856571E926DC6C1200F5C53A /* PageView */,
				856571E026D8931400F5C53A /* Profiles */,
				856571DF26D892FF00F5C53A /* Categories */,
				856571CE26D723B400F5C53A /* Hikes */,
				856571C926D4DAB900F5C53A /* Badges */,
				856571BE26D394FE00F5C53A /* Helpers */,
				856571BD26D394F400F5C53A /* Landmarks */,
				8565717D26D222D800F5C53A /* ContentView.swift */,
			);
			path = Views;
			sourceTree = "<group>";
		};
		856571B326D3642900F5C53A /* Models */ = {
			isa = PBXGroup;
			children = (
				856571AE26D3407100F5C53A /* Landmark.swift */,
				856571B026D3467C00F5C53A /* ModelData.swift */,
				856571CC26D7207600F5C53A /* Hike.swift */,
				856571DD26D8915800F5C53A /* Profile.swift */,
			);
			path = Models;
			sourceTree = "<group>";
		};
		856571B426D3644B00F5C53A /* Resources */ = {
			isa = PBXGroup;
			children = (
				856571AC26D33F4D00F5C53A /* landmarkData.json */,
				856571CA26D7203E00F5C53A /* hikeData.json */,
			);
			path = Resources;
			sourceTree = "<group>";
		};
		856571BD26D394F400F5C53A /* Landmarks */ = {
			isa = PBXGroup;
			children = (
				856571B526D364EA00F5C53A /* LandmarkRow.swift */,
				856571B726D367F200F5C53A /* LandmarkList.swift */,
				856571B926D369AA00F5C53A /* LandmarkDetail.swift */,
			);
			path = Landmarks;
			sourceTree = "<group>";
		};
		856571BE26D394FE00F5C53A /* Helpers */ = {
			isa = PBXGroup;
			children = (
				856571BB26D3941E00F5C53A /* FavoriteButton.swift */,
				856571A826D2367300F5C53A /* CircleImage.swift */,
				856571AA26D2389800F5C53A /* MapView.swift */,
			);
			path = Helpers;
			sourceTree = "<group>";
		};
		856571C926D4DAB900F5C53A /* Badges */ = {
			isa = PBXGroup;
			children = (
				856571BF26D4C34800F5C53A /* HexagonParameters.swift */,
				856571C126D4C60D00F5C53A /* BadgeBackground.swift */,
				856571C326D4D1A900F5C53A /* BadgeSymbol.swift */,
				856571C526D4D6C600F5C53A /* RotatedBadgeSymbol.swift */,
				856571C726D4D80500F5C53A /* Badge.swift */,
			);
			path = Badges;
			sourceTree = "<group>";
		};
		856571CE26D723B400F5C53A /* Hikes */ = {
			isa = PBXGroup;
			children = (
				856571CF26D723B400F5C53A /* GraphCapsule.swift */,
				856571D026D723B400F5C53A /* HikeGraph.swift */,
				856571D126D723B400F5C53A /* HikeDetail.swift */,
				856571D226D723B400F5C53A /* HikeView.swift */,
				856571E526D8976900F5C53A /* HikeBadge.swift */,
			);
			path = Hikes;
			sourceTree = "<group>";
		};
		856571DF26D892FF00F5C53A /* Categories */ = {
			isa = PBXGroup;
			children = (
				856571D726D880A500F5C53A /* CategoryHome.swift */,
				856571D926D885E600F5C53A /* CategoryRow.swift */,
				856571DB26D8880B00F5C53A /* CategoryItem.swift */,
			);
			path = Categories;
			sourceTree = "<group>";
		};
		856571E026D8931400F5C53A /* Profiles */ = {
			isa = PBXGroup;
			children = (
				856571E126D8932400F5C53A /* ProfileHost.swift */,
				856571E326D8939400F5C53A /* ProfileSummary.swift */,
				856571E726D8C8B300F5C53A /* ProfileEditor.swift */,
			);
			path = Profiles;
			sourceTree = "<group>";
		};
		856571E926DC6C1200F5C53A /* PageView */ = {
			isa = PBXGroup;
			children = (
				856571EA26DC6C2E00F5C53A /* PageViewController.swift */,
				856571EC26DC70FA00F5C53A /* FeatureCard.swift */,
				856571EE26DC73EC00F5C53A /* PageView.swift */,
				856571F026DC7D0900F5C53A /* PageControl.swift */,
			);
			path = PageView;
			sourceTree = "<group>";
		};
		856571F526DC81F300F5C53A /* WatchLandmarks */ = {
			isa = PBXGroup;
			children = (
				8565725F26DC86AD00F5C53A /* Assets.xcassets */,
				856571F826DC81F800F5C53A /* Info.plist */,
			);
			path = WatchLandmarks;
			sourceTree = "<group>";
		};
		8565720126DC81F900F5C53A /* WatchLandmarks Extension */ = {
			isa = PBXGroup;
			children = (
				8565720426DC81F900F5C53A /* ContentView.swift */,
				8565720626DC81F900F5C53A /* NotificationController.swift */,
				8565720826DC81F900F5C53A /* NotificationView.swift */,
				8565720A26DC81F900F5C53A /* ComplicationController.swift */,
				8565720C26DC81FA00F5C53A /* Assets.xcassets */,
				8565721126DC81FA00F5C53A /* Info.plist */,
				8565721226DC81FA00F5C53A /* PushNotificationPayload.apns */,
				8565720E26DC81FA00F5C53A /* Preview Content */,
				8565726126DC870C00F5C53A /* LandmarkDetail.swift */,
				856572A326DCA1A100F5C53A /* LandmarkList.swift */,
			);
			path = "WatchLandmarks Extension";
			sourceTree = "<group>";
		};
		8565720E26DC81FA00F5C53A /* Preview Content */ = {
			isa = PBXGroup;
			children = (
				8565720F26DC81FA00F5C53A /* Preview Assets.xcassets */,
			);
			path = "Preview Content";
			sourceTree = "<group>";
		};
		8565721A26DC81FA00F5C53A /* WatchLandmarksTests */ = {
			isa = PBXGroup;
			children = (
				8565721B26DC81FA00F5C53A /* WatchLandmarksTests.swift */,
				8565721D26DC81FA00F5C53A /* Info.plist */,
			);
			path = WatchLandmarksTests;
			sourceTree = "<group>";
		};
		8565722526DC81FA00F5C53A /* WatchLandmarksUITests */ = {
			isa = PBXGroup;
			children = (
				8565722626DC81FA00F5C53A /* WatchLandmarksUITests.swift */,
				8565722826DC81FA00F5C53A /* Info.plist */,
			);
			path = WatchLandmarksUITests;
			sourceTree = "<group>";
		};
		8565726826DC980500F5C53A /* MacLandmarks */ = {
			isa = PBXGroup;
			children = (
				8565726B26DC980500F5C53A /* ContentView.swift */,
				8565726D26DC980A00F5C53A /* Assets.xcassets */,
				8565727226DC980A00F5C53A /* Info.plist */,
				8565727326DC980A00F5C53A /* MacLandmarks.entitlements */,
				8565726F26DC980A00F5C53A /* Preview Content */,
				856572A126DC9A2E00F5C53A /* LandmarkDetail.swift */,
				856572A526DCAA1200F5C53A /* LandmarkCommands.swift */,
				856572A826DCB01E00F5C53A /* LandmarkSettings.swift */,
			);
			path = MacLandmarks;
			sourceTree = "<group>";
		};
		8565726F26DC980A00F5C53A /* Preview Content */ = {
			isa = PBXGroup;
			children = (
				8565727026DC980A00F5C53A /* Preview Assets.xcassets */,
			);
			path = "Preview Content";
			sourceTree = "<group>";
		};
		8565727B26DC980A00F5C53A /* MacLandmarksTests */ = {
			isa = PBXGroup;
			children = (
				8565727C26DC980A00F5C53A /* MacLandmarksTests.swift */,
				8565727E26DC980A00F5C53A /* Info.plist */,
			);
			path = MacLandmarksTests;
			sourceTree = "<group>";
		};
		8565728626DC980A00F5C53A /* MacLandmarksUITests */ = {
			isa = PBXGroup;
			children = (
				8565728726DC980A00F5C53A /* MacLandmarksUITests.swift */,
				8565728926DC980A00F5C53A /* Info.plist */,
			);
			path = MacLandmarksUITests;
			sourceTree = "<group>";
		};
/* End PBXGroup section */

/* Begin PBXNativeTarget section */
		8565717726D222D800F5C53A /* Landmarks */ = {
			isa = PBXNativeTarget;
			buildConfigurationList = 8565719D26D222DD00F5C53A /* Build configuration list for PBXNativeTarget "Landmarks" */;
			buildPhases = (
				8565717426D222D800F5C53A /* Sources */,
				8565717526D222D800F5C53A /* Frameworks */,
				8565717626D222D800F5C53A /* Resources */,
				8565723326DC81FA00F5C53A /* Embed Watch Content */,
			);
			buildRules = (
			);
			dependencies = (
				8565722A26DC81FA00F5C53A /* PBXTargetDependency */,
			);
			name = Landmarks;
			productName = Landmarks;
			productReference = 8565717826D222D800F5C53A /* Landmarks.app */;
			productType = "com.apple.product-type.application";
		};
		8565718826D222DC00F5C53A /* LandmarksTests */ = {
			isa = PBXNativeTarget;
			buildConfigurationList = 856571A026D222DD00F5C53A /* Build configuration list for PBXNativeTarget "LandmarksTests" */;
			buildPhases = (
				8565718526D222DC00F5C53A /* Sources */,
				8565718626D222DC00F5C53A /* Frameworks */,
				8565718726D222DC00F5C53A /* Resources */,
			);
			buildRules = (
			);
			dependencies = (
				8565718B26D222DD00F5C53A /* PBXTargetDependency */,
			);
			name = LandmarksTests;
			productName = LandmarksTests;
			productReference = 8565718926D222DC00F5C53A /* LandmarksTests.xctest */;
			productType = "com.apple.product-type.bundle.unit-test";
		};
		8565719326D222DD00F5C53A /* LandmarksUITests */ = {
			isa = PBXNativeTarget;
			buildConfigurationList = 856571A326D222DD00F5C53A /* Build configuration list for PBXNativeTarget "LandmarksUITests" */;
			buildPhases = (
				8565719026D222DD00F5C53A /* Sources */,
				8565719126D222DD00F5C53A /* Frameworks */,
				8565719226D222DD00F5C53A /* Resources */,
			);
			buildRules = (
			);
			dependencies = (
				8565719626D222DD00F5C53A /* PBXTargetDependency */,
			);
			name = LandmarksUITests;
			productName = LandmarksUITests;
			productReference = 8565719426D222DD00F5C53A /* LandmarksUITests.xctest */;
			productType = "com.apple.product-type.bundle.ui-testing";
		};
		856571F326DC81F300F5C53A /* WatchLandmarks */ = {
			isa = PBXNativeTarget;
			buildConfigurationList = 8565723026DC81FA00F5C53A /* Build configuration list for PBXNativeTarget "WatchLandmarks" */;
			buildPhases = (
				856571F226DC81F300F5C53A /* Resources */,
				8565722F26DC81FA00F5C53A /* Embed App Extensions */,
			);
			buildRules = (
			);
			dependencies = (
				8565720026DC81F900F5C53A /* PBXTargetDependency */,
			);
			name = WatchLandmarks;
			productName = WatchLandmarks;
			productReference = 856571F426DC81F300F5C53A /* WatchLandmarks.app */;
			productType = "com.apple.product-type.application.watchapp2";
		};
		856571FC26DC81F900F5C53A /* WatchLandmarks Extension */ = {
			isa = PBXNativeTarget;
			buildConfigurationList = 8565722C26DC81FA00F5C53A /* Build configuration list for PBXNativeTarget "WatchLandmarks Extension" */;
			buildPhases = (
				856571F926DC81F900F5C53A /* Sources */,
				856571FA26DC81F900F5C53A /* Frameworks */,
				856571FB26DC81F900F5C53A /* Resources */,
			);
			buildRules = (
			);
			dependencies = (
			);
			name = "WatchLandmarks Extension";
			productName = "WatchLandmarks Extension";
			productReference = 856571FD26DC81F900F5C53A /* WatchLandmarks Extension.appex */;
			productType = "com.apple.product-type.watchkit2-extension";
		};
		8565721626DC81FA00F5C53A /* WatchLandmarksTests */ = {
			isa = PBXNativeTarget;
			buildConfigurationList = 8565723426DC81FA00F5C53A /* Build configuration list for PBXNativeTarget "WatchLandmarksTests" */;
			buildPhases = (
				8565721326DC81FA00F5C53A /* Sources */,
				8565721426DC81FA00F5C53A /* Frameworks */,
				8565721526DC81FA00F5C53A /* Resources */,
			);
			buildRules = (
			);
			dependencies = (
				8565721926DC81FA00F5C53A /* PBXTargetDependency */,
			);
			name = WatchLandmarksTests;
			productName = WatchLandmarksTests;
			productReference = 8565721726DC81FA00F5C53A /* WatchLandmarksTests.xctest */;
			productType = "com.apple.product-type.bundle.unit-test";
		};
		8565722126DC81FA00F5C53A /* WatchLandmarksUITests */ = {
			isa = PBXNativeTarget;
			buildConfigurationList = 8565723726DC81FA00F5C53A /* Build configuration list for PBXNativeTarget "WatchLandmarksUITests" */;
			buildPhases = (
				8565721E26DC81FA00F5C53A /* Sources */,
				8565721F26DC81FA00F5C53A /* Frameworks */,
				8565722026DC81FA00F5C53A /* Resources */,
			);
			buildRules = (
			);
			dependencies = (
				8565722426DC81FA00F5C53A /* PBXTargetDependency */,
			);
			name = WatchLandmarksUITests;
			productName = WatchLandmarksUITests;
			productReference = 8565722226DC81FA00F5C53A /* WatchLandmarksUITests.xctest */;
			productType = "com.apple.product-type.bundle.ui-testing";
		};
		8565726626DC980500F5C53A /* MacLandmarks */ = {
			isa = PBXNativeTarget;
			buildConfigurationList = 8565728A26DC980B00F5C53A /* Build configuration list for PBXNativeTarget "MacLandmarks" */;
			buildPhases = (
				8565726326DC980500F5C53A /* Sources */,
				8565726426DC980500F5C53A /* Frameworks */,
				8565726526DC980500F5C53A /* Resources */,
			);
			buildRules = (
			);
			dependencies = (
			);
			name = MacLandmarks;
			productName = MacLandmarks;
			productReference = 8565726726DC980500F5C53A /* MacLandmarks.app */;
			productType = "com.apple.product-type.application";
		};
		8565727726DC980A00F5C53A /* MacLandmarksTests */ = {
			isa = PBXNativeTarget;
			buildConfigurationList = 8565728D26DC980B00F5C53A /* Build configuration list for PBXNativeTarget "MacLandmarksTests" */;
			buildPhases = (
				8565727426DC980A00F5C53A /* Sources */,
				8565727526DC980A00F5C53A /* Frameworks */,
				8565727626DC980A00F5C53A /* Resources */,
			);
			buildRules = (
			);
			dependencies = (
				8565727A26DC980A00F5C53A /* PBXTargetDependency */,
			);
			name = MacLandmarksTests;
			productName = MacLandmarksTests;
			productReference = 8565727826DC980A00F5C53A /* MacLandmarksTests.xctest */;
			productType = "com.apple.product-type.bundle.unit-test";
		};
		8565728226DC980A00F5C53A /* MacLandmarksUITests */ = {
			isa = PBXNativeTarget;
			buildConfigurationList = 8565729026DC980B00F5C53A /* Build configuration list for PBXNativeTarget "MacLandmarksUITests" */;
			buildPhases = (
				8565727F26DC980A00F5C53A /* Sources */,
				8565728026DC980A00F5C53A /* Frameworks */,
				8565728126DC980A00F5C53A /* Resources */,
			);
			buildRules = (
			);
			dependencies = (
				8565728526DC980A00F5C53A /* PBXTargetDependency */,
			);
			name = MacLandmarksUITests;
			productName = MacLandmarksUITests;
			productReference = 8565728326DC980A00F5C53A /* MacLandmarksUITests.xctest */;
			productType = "com.apple.product-type.bundle.ui-testing";
		};
/* End PBXNativeTarget section */

/* Begin PBXProject section */
		8565717026D222D800F5C53A /* Project object */ = {
			isa = PBXProject;
			attributes = {
				LastSwiftUpdateCheck = 1250;
				LastUpgradeCheck = 1250;
				TargetAttributes = {
					8565717726D222D800F5C53A = {
						CreatedOnToolsVersion = 12.5.1;
					};
					8565718826D222DC00F5C53A = {
						CreatedOnToolsVersion = 12.5.1;
						TestTargetID = 8565717726D222D800F5C53A;
					};
					8565719326D222DD00F5C53A = {
						CreatedOnToolsVersion = 12.5.1;
						TestTargetID = 8565717726D222D800F5C53A;
					};
					856571F326DC81F300F5C53A = {
						CreatedOnToolsVersion = 12.5.1;
					};
					856571FC26DC81F900F5C53A = {
						CreatedOnToolsVersion = 12.5.1;
					};
					8565721626DC81FA00F5C53A = {
						CreatedOnToolsVersion = 12.5.1;
						TestTargetID = 856571FC26DC81F900F5C53A;
					};
					8565722126DC81FA00F5C53A = {
						CreatedOnToolsVersion = 12.5.1;
						TestTargetID = 856571F326DC81F300F5C53A;
					};
					8565726626DC980500F5C53A = {
						CreatedOnToolsVersion = 12.5.1;
					};
					8565727726DC980A00F5C53A = {
						CreatedOnToolsVersion = 12.5.1;
						TestTargetID = 8565726626DC980500F5C53A;
					};
					8565728226DC980A00F5C53A = {
						CreatedOnToolsVersion = 12.5.1;
						TestTargetID = 8565726626DC980500F5C53A;
					};
				};
			};
			buildConfigurationList = 8565717326D222D800F5C53A /* Build configuration list for PBXProject "Landmarks" */;
			compatibilityVersion = "Xcode 9.3";
			developmentRegion = en;
			hasScannedForEncodings = 0;
			knownRegions = (
				en,
				Base,
			);
			mainGroup = 8565716F26D222D800F5C53A;
			productRefGroup = 8565717926D222D800F5C53A /* Products */;
			projectDirPath = "";
			projectRoot = "";
			targets = (
				8565717726D222D800F5C53A /* Landmarks */,
				8565718826D222DC00F5C53A /* LandmarksTests */,
				8565719326D222DD00F5C53A /* LandmarksUITests */,
				856571F326DC81F300F5C53A /* WatchLandmarks */,
				856571FC26DC81F900F5C53A /* WatchLandmarks Extension */,
				8565721626DC81FA00F5C53A /* WatchLandmarksTests */,
				8565722126DC81FA00F5C53A /* WatchLandmarksUITests */,
				8565726626DC980500F5C53A /* MacLandmarks */,
				8565727726DC980A00F5C53A /* MacLandmarksTests */,
				8565728226DC980A00F5C53A /* MacLandmarksUITests */,
			);
		};
/* End PBXProject section */

/* Begin PBXResourcesBuildPhase section */
		8565717626D222D800F5C53A /* Resources */ = {
			isa = PBXResourcesBuildPhase;
			buildActionMask = 2147483647;
			files = (
				856571CB26D7203E00F5C53A /* hikeData.json in Resources */,
				8565718326D222DC00F5C53A /* Preview Assets.xcassets in Resources */,
				8565718026D222DC00F5C53A /* Assets.xcassets in Resources */,
				856571AD26D33F4D00F5C53A /* landmarkData.json in Resources */,
			);
			runOnlyForDeploymentPostprocessing = 0;
		};
		8565718726D222DC00F5C53A /* Resources */ = {
			isa = PBXResourcesBuildPhase;
			buildActionMask = 2147483647;
			files = (
			);
			runOnlyForDeploymentPostprocessing = 0;
		};
		8565719226D222DD00F5C53A /* Resources */ = {
			isa = PBXResourcesBuildPhase;
			buildActionMask = 2147483647;
			files = (
			);
			runOnlyForDeploymentPostprocessing = 0;
		};
		856571F226DC81F300F5C53A /* Resources */ = {
			isa = PBXResourcesBuildPhase;
			buildActionMask = 2147483647;
			files = (
				8565726026DC86AD00F5C53A /* Assets.xcassets in Resources */,
			);
			runOnlyForDeploymentPostprocessing = 0;
		};
		856571FB26DC81F900F5C53A /* Resources */ = {
			isa = PBXResourcesBuildPhase;
			buildActionMask = 2147483647;
			files = (
				8565721026DC81FA00F5C53A /* Preview Assets.xcassets in Resources */,
				8565723B26DC85F700F5C53A /* hikeData.json in Resources */,
				8565724226DC85F700F5C53A /* Assets.xcassets in Resources */,
				8565724426DC85F700F5C53A /* landmarkData.json in Resources */,
				8565720D26DC81FA00F5C53A /* Assets.xcassets in Resources */,
			);
			runOnlyForDeploymentPostprocessing = 0;
		};
		8565721526DC81FA00F5C53A /* Resources */ = {
			isa = PBXResourcesBuildPhase;
			buildActionMask = 2147483647;
			files = (
			);
			runOnlyForDeploymentPostprocessing = 0;
		};
		8565722026DC81FA00F5C53A /* Resources */ = {
			isa = PBXResourcesBuildPhase;
			buildActionMask = 2147483647;
			files = (
			);
			runOnlyForDeploymentPostprocessing = 0;
		};
		8565726526DC980500F5C53A /* Resources */ = {
			isa = PBXResourcesBuildPhase;
			buildActionMask = 2147483647;
			files = (
				8565727126DC980A00F5C53A /* Preview Assets.xcassets in Resources */,
				8565726E26DC980A00F5C53A /* Assets.xcassets in Resources */,
				8565729626DC987900F5C53A /* Assets.xcassets in Resources */,
				8565729426DC987900F5C53A /* landmarkData.json in Resources */,
				8565729A26DC987900F5C53A /* hikeData.json in Resources */,
			);
			runOnlyForDeploymentPostprocessing = 0;
		};
		8565727626DC980A00F5C53A /* Resources */ = {
			isa = PBXResourcesBuildPhase;
			buildActionMask = 2147483647;
			files = (
			);
			runOnlyForDeploymentPostprocessing = 0;
		};
		8565728126DC980A00F5C53A /* Resources */ = {
			isa = PBXResourcesBuildPhase;
			buildActionMask = 2147483647;
			files = (
			);
			runOnlyForDeploymentPostprocessing = 0;
		};
/* End PBXResourcesBuildPhase section */

/* Begin PBXSourcesBuildPhase section */
		8565717426D222D800F5C53A /* Sources */ = {
			isa = PBXSourcesBuildPhase;
			buildActionMask = 2147483647;
			files = (
				856571DA26D885E600F5C53A /* CategoryRow.swift in Sources */,
				856571DE26D8915800F5C53A /* Profile.swift in Sources */,
				856572A626DCAA1200F5C53A /* LandmarkCommands.swift in Sources */,
				8565717E26D222D800F5C53A /* ContentView.swift in Sources */,
				856571D826D880A500F5C53A /* CategoryHome.swift in Sources */,
				856571ED26DC70FA00F5C53A /* FeatureCard.swift in Sources */,
				856571D426D723B400F5C53A /* HikeGraph.swift in Sources */,
				856571C826D4D80500F5C53A /* Badge.swift in Sources */,
				856571AB26D2389800F5C53A /* MapView.swift in Sources */,
				856571D326D723B400F5C53A /* GraphCapsule.swift in Sources */,
				8565717C26D222D800F5C53A /* LandmarksApp.swift in Sources */,
				856571F126DC7D0900F5C53A /* PageControl.swift in Sources */,
				856571BC26D3941E00F5C53A /* FavoriteButton.swift in Sources */,
				856571DC26D8880B00F5C53A /* CategoryItem.swift in Sources */,
				856571D526D723B400F5C53A /* HikeDetail.swift in Sources */,
				856571E426D8939400F5C53A /* ProfileSummary.swift in Sources */,
				856571C026D4C34800F5C53A /* HexagonParameters.swift in Sources */,
				856571E226D8932400F5C53A /* ProfileHost.swift in Sources */,
				856571CD26D7207600F5C53A /* Hike.swift in Sources */,
				856571C626D4D6C600F5C53A /* RotatedBadgeSymbol.swift in Sources */,
				856571EF26DC73EC00F5C53A /* PageView.swift in Sources */,
				856571C426D4D1A900F5C53A /* BadgeSymbol.swift in Sources */,
				856571E826D8C8B300F5C53A /* ProfileEditor.swift in Sources */,
				856571B826D367F200F5C53A /* LandmarkList.swift in Sources */,
				856571D626D723B400F5C53A /* HikeView.swift in Sources */,
				856571BA26D369AA00F5C53A /* LandmarkDetail.swift in Sources */,
				856571EB26DC6C2E00F5C53A /* PageViewController.swift in Sources */,
				856571C226D4C60D00F5C53A /* BadgeBackground.swift in Sources */,
				856571E626D8976900F5C53A /* HikeBadge.swift in Sources */,
				856571A926D2367300F5C53A /* CircleImage.swift in Sources */,
				856571AF26D3407100F5C53A /* Landmark.swift in Sources */,
				856571B626D364EA00F5C53A /* LandmarkRow.swift in Sources */,
				856571B126D3467C00F5C53A /* ModelData.swift in Sources */,
			);
			runOnlyForDeploymentPostprocessing = 0;
		};
		8565718526D222DC00F5C53A /* Sources */ = {
			isa = PBXSourcesBuildPhase;
			buildActionMask = 2147483647;
			files = (
				8565718E26D222DD00F5C53A /* LandmarksTests.swift in Sources */,
			);
			runOnlyForDeploymentPostprocessing = 0;
		};
		8565719026D222DD00F5C53A /* Sources */ = {
			isa = PBXSourcesBuildPhase;
			buildActionMask = 2147483647;
			files = (
				8565719926D222DD00F5C53A /* LandmarksUITests.swift in Sources */,
			);
			runOnlyForDeploymentPostprocessing = 0;
		};
		856571F926DC81F900F5C53A /* Sources */ = {
			isa = PBXSourcesBuildPhase;
			buildActionMask = 2147483647;
			files = (
				8565720726DC81F900F5C53A /* NotificationController.swift in Sources */,
				8565723E26DC85F700F5C53A /* Profile.swift in Sources */,
				8565720526DC81F900F5C53A /* ContentView.swift in Sources */,
				8565723A26DC85F700F5C53A /* ModelData.swift in Sources */,
				856572A426DCA1A100F5C53A /* LandmarkList.swift in Sources */,
				8565724526DC85F700F5C53A /* MapView.swift in Sources */,
				8565724126DC85F700F5C53A /* LandmarksApp.swift in Sources */,
				8565726226DC870C00F5C53A /* LandmarkDetail.swift in Sources */,
				8565724326DC85F700F5C53A /* CircleImage.swift in Sources */,
				8565723D26DC85F700F5C53A /* Hike.swift in Sources */,
				8565720B26DC81F900F5C53A /* ComplicationController.swift in Sources */,
				8565720926DC81F900F5C53A /* NotificationView.swift in Sources */,
				8565723C26DC85F700F5C53A /* Landmark.swift in Sources */,
				8565723F26DC85F700F5C53A /* LandmarkRow.swift in Sources */,
			);
			runOnlyForDeploymentPostprocessing = 0;
		};
		8565721326DC81FA00F5C53A /* Sources */ = {
			isa = PBXSourcesBuildPhase;
			buildActionMask = 2147483647;
			files = (
				8565721C26DC81FA00F5C53A /* WatchLandmarksTests.swift in Sources */,
			);
			runOnlyForDeploymentPostprocessing = 0;
		};
		8565721E26DC81FA00F5C53A /* Sources */ = {
			isa = PBXSourcesBuildPhase;
			buildActionMask = 2147483647;
			files = (
				8565722726DC81FA00F5C53A /* WatchLandmarksUITests.swift in Sources */,
			);
			runOnlyForDeploymentPostprocessing = 0;
		};
		8565726326DC980500F5C53A /* Sources */ = {
			isa = PBXSourcesBuildPhase;
			buildActionMask = 2147483647;
			files = (
				8565726C26DC980500F5C53A /* ContentView.swift in Sources */,
				8565729726DC987900F5C53A /* CircleImage.swift in Sources */,
				8565729826DC987900F5C53A /* ModelData.swift in Sources */,
				8565729E26DC987900F5C53A /* LandmarksApp.swift in Sources */,
				856572A726DCAA1200F5C53A /* LandmarkCommands.swift in Sources */,
				856572A226DC9A2E00F5C53A /* LandmarkDetail.swift in Sources */,
				8565729F26DC987900F5C53A /* Hike.swift in Sources */,
				8565729C26DC987900F5C53A /* FavoriteButton.swift in Sources */,
				8565729D26DC987900F5C53A /* LandmarkList.swift in Sources */,
				8565729B26DC987900F5C53A /* Profile.swift in Sources */,
				856572AA26DCB01E00F5C53A /* LandmarkSettings.swift in Sources */,
				8565729326DC987900F5C53A /* MapView.swift in Sources */,
				8565729526DC987900F5C53A /* LandmarkRow.swift in Sources */,
				8565729926DC987900F5C53A /* Landmark.swift in Sources */,
			);
			runOnlyForDeploymentPostprocessing = 0;
		};
		8565727426DC980A00F5C53A /* Sources */ = {
			isa = PBXSourcesBuildPhase;
			buildActionMask = 2147483647;
			files = (
				8565727D26DC980A00F5C53A /* MacLandmarksTests.swift in Sources */,
			);
			runOnlyForDeploymentPostprocessing = 0;
		};
		8565727F26DC980A00F5C53A /* Sources */ = {
			isa = PBXSourcesBuildPhase;
			buildActionMask = 2147483647;
			files = (
				8565728826DC980A00F5C53A /* MacLandmarksUITests.swift in Sources */,
			);
			runOnlyForDeploymentPostprocessing = 0;
		};
/* End PBXSourcesBuildPhase section */

/* Begin PBXTargetDependency section */
		8565718B26D222DD00F5C53A /* PBXTargetDependency */ = {
			isa = PBXTargetDependency;
			target = 8565717726D222D800F5C53A /* Landmarks */;
			targetProxy = 8565718A26D222DD00F5C53A /* PBXContainerItemProxy */;
		};
		8565719626D222DD00F5C53A /* PBXTargetDependency */ = {
			isa = PBXTargetDependency;
			target = 8565717726D222D800F5C53A /* Landmarks */;
			targetProxy = 8565719526D222DD00F5C53A /* PBXContainerItemProxy */;
		};
		8565720026DC81F900F5C53A /* PBXTargetDependency */ = {
			isa = PBXTargetDependency;
			target = 856571FC26DC81F900F5C53A /* WatchLandmarks Extension */;
			targetProxy = 856571FF26DC81F900F5C53A /* PBXContainerItemProxy */;
		};
		8565721926DC81FA00F5C53A /* PBXTargetDependency */ = {
			isa = PBXTargetDependency;
			target = 856571FC26DC81F900F5C53A /* WatchLandmarks Extension */;
			targetProxy = 8565721826DC81FA00F5C53A /* PBXContainerItemProxy */;
		};
		8565722426DC81FA00F5C53A /* PBXTargetDependency */ = {
			isa = PBXTargetDependency;
			target = 856571F326DC81F300F5C53A /* WatchLandmarks */;
			targetProxy = 8565722326DC81FA00F5C53A /* PBXContainerItemProxy */;
		};
		8565722A26DC81FA00F5C53A /* PBXTargetDependency */ = {
			isa = PBXTargetDependency;
			target = 856571F326DC81F300F5C53A /* WatchLandmarks */;
			targetProxy = 8565722926DC81FA00F5C53A /* PBXContainerItemProxy */;
		};
		8565727A26DC980A00F5C53A /* PBXTargetDependency */ = {
			isa = PBXTargetDependency;
			target = 8565726626DC980500F5C53A /* MacLandmarks */;
			targetProxy = 8565727926DC980A00F5C53A /* PBXContainerItemProxy */;
		};
		8565728526DC980A00F5C53A /* PBXTargetDependency */ = {
			isa = PBXTargetDependency;
			target = 8565726626DC980500F5C53A /* MacLandmarks */;
			targetProxy = 8565728426DC980A00F5C53A /* PBXContainerItemProxy */;
		};
/* End PBXTargetDependency section */

/* Begin XCBuildConfiguration section */
		8565719B26D222DD00F5C53A /* Debug */ = {
			isa = XCBuildConfiguration;
			buildSettings = {
				ALWAYS_SEARCH_USER_PATHS = NO;
				CLANG_ANALYZER_NONNULL = YES;
				CLANG_ANALYZER_NUMBER_OBJECT_CONVERSION = YES_AGGRESSIVE;
				CLANG_CXX_LANGUAGE_STANDARD = "gnu++14";
				CLANG_CXX_LIBRARY = "libc++";
				CLANG_ENABLE_MODULES = YES;
				CLANG_ENABLE_OBJC_ARC = YES;
				CLANG_ENABLE_OBJC_WEAK = YES;
				CLANG_WARN_BLOCK_CAPTURE_AUTORELEASING = YES;
				CLANG_WARN_BOOL_CONVERSION = YES;
				CLANG_WARN_COMMA = YES;
				CLANG_WARN_CONSTANT_CONVERSION = YES;
				CLANG_WARN_DEPRECATED_OBJC_IMPLEMENTATIONS = YES;
				CLANG_WARN_DIRECT_OBJC_ISA_USAGE = YES_ERROR;
				CLANG_WARN_DOCUMENTATION_COMMENTS = YES;
				CLANG_WARN_EMPTY_BODY = YES;
				CLANG_WARN_ENUM_CONVERSION = YES;
				CLANG_WARN_INFINITE_RECURSION = YES;
				CLANG_WARN_INT_CONVERSION = YES;
				CLANG_WARN_NON_LITERAL_NULL_CONVERSION = YES;
				CLANG_WARN_OBJC_IMPLICIT_RETAIN_SELF = YES;
				CLANG_WARN_OBJC_LITERAL_CONVERSION = YES;
				CLANG_WARN_OBJC_ROOT_CLASS = YES_ERROR;
				CLANG_WARN_QUOTED_INCLUDE_IN_FRAMEWORK_HEADER = YES;
				CLANG_WARN_RANGE_LOOP_ANALYSIS = YES;
				CLANG_WARN_STRICT_PROTOTYPES = YES;
				CLANG_WARN_SUSPICIOUS_MOVE = YES;
				CLANG_WARN_UNGUARDED_AVAILABILITY = YES_AGGRESSIVE;
				CLANG_WARN_UNREACHABLE_CODE = YES;
				CLANG_WARN__DUPLICATE_METHOD_MATCH = YES;
				COPY_PHASE_STRIP = NO;
				DEBUG_INFORMATION_FORMAT = dwarf;
				ENABLE_STRICT_OBJC_MSGSEND = YES;
				ENABLE_TESTABILITY = YES;
				GCC_C_LANGUAGE_STANDARD = gnu11;
				GCC_DYNAMIC_NO_PIC = NO;
				GCC_NO_COMMON_BLOCKS = YES;
				GCC_OPTIMIZATION_LEVEL = 0;
				GCC_PREPROCESSOR_DEFINITIONS = (
					"DEBUG=1",
					"$(inherited)",
				);
				GCC_WARN_64_TO_32_BIT_CONVERSION = YES;
				GCC_WARN_ABOUT_RETURN_TYPE = YES_ERROR;
				GCC_WARN_UNDECLARED_SELECTOR = YES;
				GCC_WARN_UNINITIALIZED_AUTOS = YES_AGGRESSIVE;
				GCC_WARN_UNUSED_FUNCTION = YES;
				GCC_WARN_UNUSED_VARIABLE = YES;
				IPHONEOS_DEPLOYMENT_TARGET = 14.5;
				MTL_ENABLE_DEBUG_INFO = INCLUDE_SOURCE;
				MTL_FAST_MATH = YES;
				ONLY_ACTIVE_ARCH = YES;
				SDKROOT = iphoneos;
				SWIFT_ACTIVE_COMPILATION_CONDITIONS = DEBUG;
				SWIFT_OPTIMIZATION_LEVEL = "-Onone";
			};
			name = Debug;
		};
		8565719C26D222DD00F5C53A /* Release */ = {
			isa = XCBuildConfiguration;
			buildSettings = {
				ALWAYS_SEARCH_USER_PATHS = NO;
				CLANG_ANALYZER_NONNULL = YES;
				CLANG_ANALYZER_NUMBER_OBJECT_CONVERSION = YES_AGGRESSIVE;
				CLANG_CXX_LANGUAGE_STANDARD = "gnu++14";
				CLANG_CXX_LIBRARY = "libc++";
				CLANG_ENABLE_MODULES = YES;
				CLANG_ENABLE_OBJC_ARC = YES;
				CLANG_ENABLE_OBJC_WEAK = YES;
				CLANG_WARN_BLOCK_CAPTURE_AUTORELEASING = YES;
				CLANG_WARN_BOOL_CONVERSION = YES;
				CLANG_WARN_COMMA = YES;
				CLANG_WARN_CONSTANT_CONVERSION = YES;
				CLANG_WARN_DEPRECATED_OBJC_IMPLEMENTATIONS = YES;
				CLANG_WARN_DIRECT_OBJC_ISA_USAGE = YES_ERROR;
				CLANG_WARN_DOCUMENTATION_COMMENTS = YES;
				CLANG_WARN_EMPTY_BODY = YES;
				CLANG_WARN_ENUM_CONVERSION = YES;
				CLANG_WARN_INFINITE_RECURSION = YES;
				CLANG_WARN_INT_CONVERSION = YES;
				CLANG_WARN_NON_LITERAL_NULL_CONVERSION = YES;
				CLANG_WARN_OBJC_IMPLICIT_RETAIN_SELF = YES;
				CLANG_WARN_OBJC_LITERAL_CONVERSION = YES;
				CLANG_WARN_OBJC_ROOT_CLASS = YES_ERROR;
				CLANG_WARN_QUOTED_INCLUDE_IN_FRAMEWORK_HEADER = YES;
				CLANG_WARN_RANGE_LOOP_ANALYSIS = YES;
				CLANG_WARN_STRICT_PROTOTYPES = YES;
				CLANG_WARN_SUSPICIOUS_MOVE = YES;
				CLANG_WARN_UNGUARDED_AVAILABILITY = YES_AGGRESSIVE;
				CLANG_WARN_UNREACHABLE_CODE = YES;
				CLANG_WARN__DUPLICATE_METHOD_MATCH = YES;
				COPY_PHASE_STRIP = NO;
				DEBUG_INFORMATION_FORMAT = "dwarf-with-dsym";
				ENABLE_NS_ASSERTIONS = NO;
				ENABLE_STRICT_OBJC_MSGSEND = YES;
				GCC_C_LANGUAGE_STANDARD = gnu11;
				GCC_NO_COMMON_BLOCKS = YES;
				GCC_WARN_64_TO_32_BIT_CONVERSION = YES;
				GCC_WARN_ABOUT_RETURN_TYPE = YES_ERROR;
				GCC_WARN_UNDECLARED_SELECTOR = YES;
				GCC_WARN_UNINITIALIZED_AUTOS = YES_AGGRESSIVE;
				GCC_WARN_UNUSED_FUNCTION = YES;
				GCC_WARN_UNUSED_VARIABLE = YES;
				IPHONEOS_DEPLOYMENT_TARGET = 14.5;
				MTL_ENABLE_DEBUG_INFO = NO;
				MTL_FAST_MATH = YES;
				SDKROOT = iphoneos;
				SWIFT_COMPILATION_MODE = wholemodule;
				SWIFT_OPTIMIZATION_LEVEL = "-O";
				VALIDATE_PRODUCT = YES;
			};
			name = Release;
		};
		8565719E26D222DD00F5C53A /* Debug */ = {
			isa = XCBuildConfiguration;
			buildSettings = {
				ASSETCATALOG_COMPILER_APPICON_NAME = AppIcon;
				ASSETCATALOG_COMPILER_GLOBAL_ACCENT_COLOR_NAME = AccentColor;
				CODE_SIGN_STYLE = Automatic;
				DEVELOPMENT_ASSET_PATHS = "\"Landmarks/Preview Content\"";
				ENABLE_PREVIEWS = YES;
				INFOPLIST_FILE = Landmarks/Info.plist;
				IPHONEOS_DEPLOYMENT_TARGET = 14.0;
				LD_RUNPATH_SEARCH_PATHS = (
					"$(inherited)",
					"@executable_path/Frameworks",
				);
				PRODUCT_BUNDLE_IDENTIFIER = com.Tomo.Landmarks;
				PRODUCT_NAME = "$(TARGET_NAME)";
				SWIFT_VERSION = 5.0;
				TARGETED_DEVICE_FAMILY = "1,2";
			};
			name = Debug;
		};
		8565719F26D222DD00F5C53A /* Release */ = {
			isa = XCBuildConfiguration;
			buildSettings = {
				ASSETCATALOG_COMPILER_APPICON_NAME = AppIcon;
				ASSETCATALOG_COMPILER_GLOBAL_ACCENT_COLOR_NAME = AccentColor;
				CODE_SIGN_STYLE = Automatic;
				DEVELOPMENT_ASSET_PATHS = "\"Landmarks/Preview Content\"";
				ENABLE_PREVIEWS = YES;
				INFOPLIST_FILE = Landmarks/Info.plist;
				IPHONEOS_DEPLOYMENT_TARGET = 14.0;
				LD_RUNPATH_SEARCH_PATHS = (
					"$(inherited)",
					"@executable_path/Frameworks",
				);
				PRODUCT_BUNDLE_IDENTIFIER = com.Tomo.Landmarks;
				PRODUCT_NAME = "$(TARGET_NAME)";
				SWIFT_VERSION = 5.0;
				TARGETED_DEVICE_FAMILY = "1,2";
			};
			name = Release;
		};
		856571A126D222DD00F5C53A /* Debug */ = {
			isa = XCBuildConfiguration;
			buildSettings = {
				ALWAYS_EMBED_SWIFT_STANDARD_LIBRARIES = YES;
				BUNDLE_LOADER = "$(TEST_HOST)";
				CODE_SIGN_STYLE = Automatic;
				INFOPLIST_FILE = LandmarksTests/Info.plist;
				IPHONEOS_DEPLOYMENT_TARGET = 14.0;
				LD_RUNPATH_SEARCH_PATHS = (
					"$(inherited)",
					"@executable_path/Frameworks",
					"@loader_path/Frameworks",
				);
				PRODUCT_BUNDLE_IDENTIFIER = com.Tomo.LandmarksTests;
				PRODUCT_NAME = "$(TARGET_NAME)";
				SWIFT_VERSION = 5.0;
				TARGETED_DEVICE_FAMILY = "1,2";
				TEST_HOST = "$(BUILT_PRODUCTS_DIR)/Landmarks.app/Landmarks";
			};
			name = Debug;
		};
		856571A226D222DD00F5C53A /* Release */ = {
			isa = XCBuildConfiguration;
			buildSettings = {
				ALWAYS_EMBED_SWIFT_STANDARD_LIBRARIES = YES;
				BUNDLE_LOADER = "$(TEST_HOST)";
				CODE_SIGN_STYLE = Automatic;
				INFOPLIST_FILE = LandmarksTests/Info.plist;
				IPHONEOS_DEPLOYMENT_TARGET = 14.0;
				LD_RUNPATH_SEARCH_PATHS = (
					"$(inherited)",
					"@executable_path/Frameworks",
					"@loader_path/Frameworks",
				);
				PRODUCT_BUNDLE_IDENTIFIER = com.Tomo.LandmarksTests;
				PRODUCT_NAME = "$(TARGET_NAME)";
				SWIFT_VERSION = 5.0;
				TARGETED_DEVICE_FAMILY = "1,2";
				TEST_HOST = "$(BUILT_PRODUCTS_DIR)/Landmarks.app/Landmarks";
			};
			name = Release;
		};
		856571A426D222DD00F5C53A /* Debug */ = {
			isa = XCBuildConfiguration;
			buildSettings = {
				ALWAYS_EMBED_SWIFT_STANDARD_LIBRARIES = YES;
				CODE_SIGN_STYLE = Automatic;
				INFOPLIST_FILE = LandmarksUITests/Info.plist;
				LD_RUNPATH_SEARCH_PATHS = (
					"$(inherited)",
					"@executable_path/Frameworks",
					"@loader_path/Frameworks",
				);
				PRODUCT_BUNDLE_IDENTIFIER = com.Tomo.LandmarksUITests;
				PRODUCT_NAME = "$(TARGET_NAME)";
				SWIFT_VERSION = 5.0;
				TARGETED_DEVICE_FAMILY = "1,2";
				TEST_TARGET_NAME = Landmarks;
			};
			name = Debug;
		};
		856571A526D222DD00F5C53A /* Release */ = {
			isa = XCBuildConfiguration;
			buildSettings = {
				ALWAYS_EMBED_SWIFT_STANDARD_LIBRARIES = YES;
				CODE_SIGN_STYLE = Automatic;
				INFOPLIST_FILE = LandmarksUITests/Info.plist;
				LD_RUNPATH_SEARCH_PATHS = (
					"$(inherited)",
					"@executable_path/Frameworks",
					"@loader_path/Frameworks",
				);
				PRODUCT_BUNDLE_IDENTIFIER = com.Tomo.LandmarksUITests;
				PRODUCT_NAME = "$(TARGET_NAME)";
				SWIFT_VERSION = 5.0;
				TARGETED_DEVICE_FAMILY = "1,2";
				TEST_TARGET_NAME = Landmarks;
			};
			name = Release;
		};
		8565722D26DC81FA00F5C53A /* Debug */ = {
			isa = XCBuildConfiguration;
			buildSettings = {
				ASSETCATALOG_COMPILER_COMPLICATION_NAME = Complication;
				CODE_SIGN_STYLE = Automatic;
				DEVELOPMENT_ASSET_PATHS = "\"WatchLandmarks Extension/Preview Content\"";
				ENABLE_PREVIEWS = YES;
				INFOPLIST_FILE = "WatchLandmarks Extension/Info.plist";
				LD_RUNPATH_SEARCH_PATHS = (
					"$(inherited)",
					"@executable_path/Frameworks",
					"@executable_path/../../Frameworks",
				);
				PRODUCT_BUNDLE_IDENTIFIER = com.Tomo.Landmarks.watchkitapp.watchkitextension;
				PRODUCT_NAME = "${TARGET_NAME}";
				SDKROOT = watchos;
				SKIP_INSTALL = YES;
				SWIFT_VERSION = 5.0;
				TARGETED_DEVICE_FAMILY = 4;
				WATCHOS_DEPLOYMENT_TARGET = 7.4;
			};
			name = Debug;
		};
		8565722E26DC81FA00F5C53A /* Release */ = {
			isa = XCBuildConfiguration;
			buildSettings = {
				ASSETCATALOG_COMPILER_COMPLICATION_NAME = Complication;
				CODE_SIGN_STYLE = Automatic;
				DEVELOPMENT_ASSET_PATHS = "\"WatchLandmarks Extension/Preview Content\"";
				ENABLE_PREVIEWS = YES;
				INFOPLIST_FILE = "WatchLandmarks Extension/Info.plist";
				LD_RUNPATH_SEARCH_PATHS = (
					"$(inherited)",
					"@executable_path/Frameworks",
					"@executable_path/../../Frameworks",
				);
				PRODUCT_BUNDLE_IDENTIFIER = com.Tomo.Landmarks.watchkitapp.watchkitextension;
				PRODUCT_NAME = "${TARGET_NAME}";
				SDKROOT = watchos;
				SKIP_INSTALL = YES;
				SWIFT_VERSION = 5.0;
				TARGETED_DEVICE_FAMILY = 4;
				WATCHOS_DEPLOYMENT_TARGET = 7.4;
			};
			name = Release;
		};
		8565723126DC81FA00F5C53A /* Debug */ = {
			isa = XCBuildConfiguration;
			buildSettings = {
				ALWAYS_EMBED_SWIFT_STANDARD_LIBRARIES = YES;
				ASSETCATALOG_COMPILER_APPICON_NAME = AppIcon;
				ASSETCATALOG_COMPILER_GLOBAL_ACCENT_COLOR_NAME = AccentColor;
				CODE_SIGN_STYLE = Automatic;
				IBSC_MODULE = WatchLandmarks_Extension;
				INFOPLIST_FILE = WatchLandmarks/Info.plist;
				PRODUCT_BUNDLE_IDENTIFIER = com.Tomo.Landmarks.watchkitapp;
				PRODUCT_NAME = "$(TARGET_NAME)";
				SDKROOT = watchos;
				SKIP_INSTALL = YES;
				SWIFT_VERSION = 5.0;
				TARGETED_DEVICE_FAMILY = 4;
				WATCHOS_DEPLOYMENT_TARGET = 7.4;
			};
			name = Debug;
		};
		8565723226DC81FA00F5C53A /* Release */ = {
			isa = XCBuildConfiguration;
			buildSettings = {
				ALWAYS_EMBED_SWIFT_STANDARD_LIBRARIES = YES;
				ASSETCATALOG_COMPILER_APPICON_NAME = AppIcon;
				ASSETCATALOG_COMPILER_GLOBAL_ACCENT_COLOR_NAME = AccentColor;
				CODE_SIGN_STYLE = Automatic;
				IBSC_MODULE = WatchLandmarks_Extension;
				INFOPLIST_FILE = WatchLandmarks/Info.plist;
				PRODUCT_BUNDLE_IDENTIFIER = com.Tomo.Landmarks.watchkitapp;
				PRODUCT_NAME = "$(TARGET_NAME)";
				SDKROOT = watchos;
				SKIP_INSTALL = YES;
				SWIFT_VERSION = 5.0;
				TARGETED_DEVICE_FAMILY = 4;
				WATCHOS_DEPLOYMENT_TARGET = 7.4;
			};
			name = Release;
		};
		8565723526DC81FA00F5C53A /* Debug */ = {
			isa = XCBuildConfiguration;
			buildSettings = {
				ALWAYS_EMBED_SWIFT_STANDARD_LIBRARIES = YES;
				BUNDLE_LOADER = "$(TEST_HOST)";
				CODE_SIGN_STYLE = Automatic;
				INFOPLIST_FILE = WatchLandmarksTests/Info.plist;
				LD_RUNPATH_SEARCH_PATHS = (
					"$(inherited)",
					"@executable_path/Frameworks",
					"@loader_path/Frameworks",
				);
				PRODUCT_BUNDLE_IDENTIFIER = com.Tomo.Landmarks.WatchLandmarksTests;
				PRODUCT_NAME = "$(TARGET_NAME)";
				SDKROOT = watchos;
				SWIFT_VERSION = 5.0;
				TARGETED_DEVICE_FAMILY = 4;
				TEST_HOST = "$(BUILT_PRODUCTS_DIR)/WatchLandmarks Extension.appex/WatchLandmarks Extension";
				WATCHOS_DEPLOYMENT_TARGET = 7.4;
			};
			name = Debug;
		};
		8565723626DC81FA00F5C53A /* Release */ = {
			isa = XCBuildConfiguration;
			buildSettings = {
				ALWAYS_EMBED_SWIFT_STANDARD_LIBRARIES = YES;
				BUNDLE_LOADER = "$(TEST_HOST)";
				CODE_SIGN_STYLE = Automatic;
				INFOPLIST_FILE = WatchLandmarksTests/Info.plist;
				LD_RUNPATH_SEARCH_PATHS = (
					"$(inherited)",
					"@executable_path/Frameworks",
					"@loader_path/Frameworks",
				);
				PRODUCT_BUNDLE_IDENTIFIER = com.Tomo.Landmarks.WatchLandmarksTests;
				PRODUCT_NAME = "$(TARGET_NAME)";
				SDKROOT = watchos;
				SWIFT_VERSION = 5.0;
				TARGETED_DEVICE_FAMILY = 4;
				TEST_HOST = "$(BUILT_PRODUCTS_DIR)/WatchLandmarks Extension.appex/WatchLandmarks Extension";
				WATCHOS_DEPLOYMENT_TARGET = 7.4;
			};
			name = Release;
		};
		8565723826DC81FA00F5C53A /* Debug */ = {
			isa = XCBuildConfiguration;
			buildSettings = {
				CODE_SIGN_STYLE = Automatic;
				INFOPLIST_FILE = WatchLandmarksUITests/Info.plist;
				LD_RUNPATH_SEARCH_PATHS = (
					"$(inherited)",
					"@executable_path/Frameworks",
					"@loader_path/Frameworks",
				);
				PRODUCT_BUNDLE_IDENTIFIER = com.Tomo.Landmarks.WatchLandmarksUITests;
				PRODUCT_NAME = "$(TARGET_NAME)";
				SDKROOT = watchos;
				SWIFT_VERSION = 5.0;
				TARGETED_DEVICE_FAMILY = 4;
				TEST_TARGET_NAME = WatchLandmarks;
				WATCHOS_DEPLOYMENT_TARGET = 7.4;
			};
			name = Debug;
		};
		8565723926DC81FA00F5C53A /* Release */ = {
			isa = XCBuildConfiguration;
			buildSettings = {
				CODE_SIGN_STYLE = Automatic;
				INFOPLIST_FILE = WatchLandmarksUITests/Info.plist;
				LD_RUNPATH_SEARCH_PATHS = (
					"$(inherited)",
					"@executable_path/Frameworks",
					"@loader_path/Frameworks",
				);
				PRODUCT_BUNDLE_IDENTIFIER = com.Tomo.Landmarks.WatchLandmarksUITests;
				PRODUCT_NAME = "$(TARGET_NAME)";
				SDKROOT = watchos;
				SWIFT_VERSION = 5.0;
				TARGETED_DEVICE_FAMILY = 4;
				TEST_TARGET_NAME = WatchLandmarks;
				WATCHOS_DEPLOYMENT_TARGET = 7.4;
			};
			name = Release;
		};
		8565728B26DC980B00F5C53A /* Debug */ = {
			isa = XCBuildConfiguration;
			buildSettings = {
				ASSETCATALOG_COMPILER_APPICON_NAME = AppIcon;
				ASSETCATALOG_COMPILER_GLOBAL_ACCENT_COLOR_NAME = AccentColor;
				CODE_SIGN_ENTITLEMENTS = MacLandmarks/MacLandmarks.entitlements;
				CODE_SIGN_STYLE = Automatic;
				COMBINE_HIDPI_IMAGES = YES;
				DEVELOPMENT_ASSET_PATHS = "\"MacLandmarks/Preview Content\"";
				ENABLE_PREVIEWS = YES;
				INFOPLIST_FILE = MacLandmarks/Info.plist;
				LD_RUNPATH_SEARCH_PATHS = (
					"$(inherited)",
					"@executable_path/../Frameworks",
				);
				MACOSX_DEPLOYMENT_TARGET = 11.3;
				PRODUCT_BUNDLE_IDENTIFIER = com.Tomo.MacLandmarks;
				PRODUCT_NAME = "$(TARGET_NAME)";
				SDKROOT = macosx;
				SWIFT_VERSION = 5.0;
			};
			name = Debug;
		};
		8565728C26DC980B00F5C53A /* Release */ = {
			isa = XCBuildConfiguration;
			buildSettings = {
				ASSETCATALOG_COMPILER_APPICON_NAME = AppIcon;
				ASSETCATALOG_COMPILER_GLOBAL_ACCENT_COLOR_NAME = AccentColor;
				CODE_SIGN_ENTITLEMENTS = MacLandmarks/MacLandmarks.entitlements;
				CODE_SIGN_STYLE = Automatic;
				COMBINE_HIDPI_IMAGES = YES;
				DEVELOPMENT_ASSET_PATHS = "\"MacLandmarks/Preview Content\"";
				ENABLE_PREVIEWS = YES;
				INFOPLIST_FILE = MacLandmarks/Info.plist;
				LD_RUNPATH_SEARCH_PATHS = (
					"$(inherited)",
					"@executable_path/../Frameworks",
				);
				MACOSX_DEPLOYMENT_TARGET = 11.3;
				PRODUCT_BUNDLE_IDENTIFIER = com.Tomo.MacLandmarks;
				PRODUCT_NAME = "$(TARGET_NAME)";
				SDKROOT = macosx;
				SWIFT_VERSION = 5.0;
			};
			name = Release;
		};
		8565728E26DC980B00F5C53A /* Debug */ = {
			isa = XCBuildConfiguration;
			buildSettings = {
				ALWAYS_EMBED_SWIFT_STANDARD_LIBRARIES = YES;
				BUNDLE_LOADER = "$(TEST_HOST)";
				CODE_SIGN_STYLE = Automatic;
				COMBINE_HIDPI_IMAGES = YES;
				INFOPLIST_FILE = MacLandmarksTests/Info.plist;
				LD_RUNPATH_SEARCH_PATHS = (
					"$(inherited)",
					"@executable_path/../Frameworks",
					"@loader_path/../Frameworks",
				);
				MACOSX_DEPLOYMENT_TARGET = 11.3;
				PRODUCT_BUNDLE_IDENTIFIER = com.Tomo.MacLandmarksTests;
				PRODUCT_NAME = "$(TARGET_NAME)";
				SDKROOT = macosx;
				SWIFT_VERSION = 5.0;
				TEST_HOST = "$(BUILT_PRODUCTS_DIR)/MacLandmarks.app/Contents/MacOS/MacLandmarks";
			};
			name = Debug;
		};
		8565728F26DC980B00F5C53A /* Release */ = {
			isa = XCBuildConfiguration;
			buildSettings = {
				ALWAYS_EMBED_SWIFT_STANDARD_LIBRARIES = YES;
				BUNDLE_LOADER = "$(TEST_HOST)";
				CODE_SIGN_STYLE = Automatic;
				COMBINE_HIDPI_IMAGES = YES;
				INFOPLIST_FILE = MacLandmarksTests/Info.plist;
				LD_RUNPATH_SEARCH_PATHS = (
					"$(inherited)",
					"@executable_path/../Frameworks",
					"@loader_path/../Frameworks",
				);
				MACOSX_DEPLOYMENT_TARGET = 11.3;
				PRODUCT_BUNDLE_IDENTIFIER = com.Tomo.MacLandmarksTests;
				PRODUCT_NAME = "$(TARGET_NAME)";
				SDKROOT = macosx;
				SWIFT_VERSION = 5.0;
				TEST_HOST = "$(BUILT_PRODUCTS_DIR)/MacLandmarks.app/Contents/MacOS/MacLandmarks";
			};
			name = Release;
		};
		8565729126DC980B00F5C53A /* Debug */ = {
			isa = XCBuildConfiguration;
			buildSettings = {
				ALWAYS_EMBED_SWIFT_STANDARD_LIBRARIES = YES;
				CODE_SIGN_STYLE = Automatic;
				COMBINE_HIDPI_IMAGES = YES;
				INFOPLIST_FILE = MacLandmarksUITests/Info.plist;
				LD_RUNPATH_SEARCH_PATHS = (
					"$(inherited)",
					"@executable_path/../Frameworks",
					"@loader_path/../Frameworks",
				);
				MACOSX_DEPLOYMENT_TARGET = 11.3;
				PRODUCT_BUNDLE_IDENTIFIER = com.Tomo.MacLandmarksUITests;
				PRODUCT_NAME = "$(TARGET_NAME)";
				SDKROOT = macosx;
				SWIFT_VERSION = 5.0;
				TEST_TARGET_NAME = MacLandmarks;
			};
			name = Debug;
		};
		8565729226DC980B00F5C53A /* Release */ = {
			isa = XCBuildConfiguration;
			buildSettings = {
				ALWAYS_EMBED_SWIFT_STANDARD_LIBRARIES = YES;
				CODE_SIGN_STYLE = Automatic;
				COMBINE_HIDPI_IMAGES = YES;
				INFOPLIST_FILE = MacLandmarksUITests/Info.plist;
				LD_RUNPATH_SEARCH_PATHS = (
					"$(inherited)",
					"@executable_path/../Frameworks",
					"@loader_path/../Frameworks",
				);
				MACOSX_DEPLOYMENT_TARGET = 11.3;
				PRODUCT_BUNDLE_IDENTIFIER = com.Tomo.MacLandmarksUITests;
				PRODUCT_NAME = "$(TARGET_NAME)";
				SDKROOT = macosx;
				SWIFT_VERSION = 5.0;
				TEST_TARGET_NAME = MacLandmarks;
			};
			name = Release;
		};
/* End XCBuildConfiguration section */

/* Begin XCConfigurationList section */
		8565717326D222D800F5C53A /* Build configuration list for PBXProject "Landmarks" */ = {
			isa = XCConfigurationList;
			buildConfigurations = (
				8565719B26D222DD00F5C53A /* Debug */,
				8565719C26D222DD00F5C53A /* Release */,
			);
			defaultConfigurationIsVisible = 0;
			defaultConfigurationName = Release;
		};
		8565719D26D222DD00F5C53A /* Build configuration list for PBXNativeTarget "Landmarks" */ = {
			isa = XCConfigurationList;
			buildConfigurations = (
				8565719E26D222DD00F5C53A /* Debug */,
				8565719F26D222DD00F5C53A /* Release */,
			);
			defaultConfigurationIsVisible = 0;
			defaultConfigurationName = Release;
		};
		856571A026D222DD00F5C53A /* Build configuration list for PBXNativeTarget "LandmarksTests" */ = {
			isa = XCConfigurationList;
			buildConfigurations = (
				856571A126D222DD00F5C53A /* Debug */,
				856571A226D222DD00F5C53A /* Release */,
			);
			defaultConfigurationIsVisible = 0;
			defaultConfigurationName = Release;
		};
		856571A326D222DD00F5C53A /* Build configuration list for PBXNativeTarget "LandmarksUITests" */ = {
			isa = XCConfigurationList;
			buildConfigurations = (
				856571A426D222DD00F5C53A /* Debug */,
				856571A526D222DD00F5C53A /* Release */,
			);
			defaultConfigurationIsVisible = 0;
			defaultConfigurationName = Release;
		};
		8565722C26DC81FA00F5C53A /* Build configuration list for PBXNativeTarget "WatchLandmarks Extension" */ = {
			isa = XCConfigurationList;
			buildConfigurations = (
				8565722D26DC81FA00F5C53A /* Debug */,
				8565722E26DC81FA00F5C53A /* Release */,
			);
			defaultConfigurationIsVisible = 0;
			defaultConfigurationName = Release;
		};
		8565723026DC81FA00F5C53A /* Build configuration list for PBXNativeTarget "WatchLandmarks" */ = {
			isa = XCConfigurationList;
			buildConfigurations = (
				8565723126DC81FA00F5C53A /* Debug */,
				8565723226DC81FA00F5C53A /* Release */,
			);
			defaultConfigurationIsVisible = 0;
			defaultConfigurationName = Release;
		};
		8565723426DC81FA00F5C53A /* Build configuration list for PBXNativeTarget "WatchLandmarksTests" */ = {
			isa = XCConfigurationList;
			buildConfigurations = (
				8565723526DC81FA00F5C53A /* Debug */,
				8565723626DC81FA00F5C53A /* Release */,
			);
			defaultConfigurationIsVisible = 0;
			defaultConfigurationName = Release;
		};
		8565723726DC81FA00F5C53A /* Build configuration list for PBXNativeTarget "WatchLandmarksUITests" */ = {
			isa = XCConfigurationList;
			buildConfigurations = (
				8565723826DC81FA00F5C53A /* Debug */,
				8565723926DC81FA00F5C53A /* Release */,
			);
			defaultConfigurationIsVisible = 0;
			defaultConfigurationName = Release;
		};
		8565728A26DC980B00F5C53A /* Build configuration list for PBXNativeTarget "MacLandmarks" */ = {
			isa = XCConfigurationList;
			buildConfigurations = (
				8565728B26DC980B00F5C53A /* Debug */,
				8565728C26DC980B00F5C53A /* Release */,
			);
			defaultConfigurationIsVisible = 0;
			defaultConfigurationName = Release;
		};
		8565728D26DC980B00F5C53A /* Build configuration list for PBXNativeTarget "MacLandmarksTests" */ = {
			isa = XCConfigurationList;
			buildConfigurations = (
				8565728E26DC980B00F5C53A /* Debug */,
				8565728F26DC980B00F5C53A /* Release */,
			);
			defaultConfigurationIsVisible = 0;
			defaultConfigurationName = Release;
		};
		8565729026DC980B00F5C53A /* Build configuration list for PBXNativeTarget "MacLandmarksUITests" */ = {
			isa = XCConfigurationList;
			buildConfigurations = (
				8565729126DC980B00F5C53A /* Debug */,
				8565729226DC980B00F5C53A /* Release */,
			);
			defaultConfigurationIsVisible = 0;
			defaultConfigurationName = Release;
		};
/* End XCConfigurationList section */
	};
	rootObject = 8565717026D222D800F5C53A /* Project object */;
}
